
Microsoft Visual Studio Solution File, Format Version 12.00
# Visual Studio 14
VisualStudioVersion = 14.0.25123.0
MinimumVisualStudioVersion = 10.0.40219.1
Project("{2150E333-8FDC-42A3-9474-1A3956D46DE8}") = "SimpleArraySum", "SimpleArraySum", "{5F4BF05A-9F78-4051-93C2-2A00F563C300}"
EndProject
Project("{FAE04EC0-301F-11D3-BF4B-00C04F79EFBC}") = "SimpleArraySum", "SimpleArraySum\SimpleArraySum.csproj", "{FFFA0C22-0679-4CD1-896C-77791476F561}"
EndProject
Project("{2150E333-8FDC-42A3-9474-1A3956D46DE8}") = "Staircase", "Staircase", "{2CA48808-090A-4028-9476-7B67418F6255}"
EndProject
Project("{FAE04EC0-301F-11D3-BF4B-00C04F79EFBC}") = "Stairecase", "Stairecase\Stairecase.csproj", "{38D757FC-AD7B-49F7-8ABE-628F03A05CDE}"
EndProject
Project("{2150E333-8FDC-42A3-9474-1A3956D46DE8}") = "Array", "Array", "{5E8F56DB-8673-4D6E-AA5E-4291779CF4DB}"
EndProject
Project("{FAE04EC0-301F-11D3-BF4B-00C04F79EFBC}") = "SherlockAndArray", "SherlockAndArray\SherlockAndArray.csproj", "{8FE596F7-4097-4A98-8558-2628EA3996C4}"
EndProject
Project("{2150E333-8FDC-42A3-9474-1A3956D46DE8}") = "AngryProfessor", "AngryProfessor", "{488E02E0-DD0F-4277-B040-404E25E22C5C}"
EndProject
Project("{FAE04EC0-301F-11D3-BF4B-00C04F79EFBC}") = "AngryProfessor", "AngryProfessor\AngryProfessor.csproj", "{F1D522F5-7D0A-4EE1-BBC5-FC7FD80B5DD7}"
EndProject
Project("{2150E333-8FDC-42A3-9474-1A3956D46DE8}") = "DynamicArray", "DynamicArray", "{320E01F8-D82B-48BE-BAFB-77D2D5021C0B}"
EndProject
Project("{FAE04EC0-301F-11D3-BF4B-00C04F79EFBC}") = "DynamicArray", "DynamicArray\DynamicArray.csproj", "{F84F24F7-FECE-4BD8-9D44-6AEB13FE88F0}"
EndProject
Project("{2150E333-8FDC-42A3-9474-1A3956D46DE8}") = "LinkedList", "LinkedList", "{4B6D55FF-1A8E-4C75-9D16-2F570A00C025}"
EndProject
Project("{FAE04EC0-301F-11D3-BF4B-00C04F79EFBC}") = "ManagedLinkedList", "ManagedLinkedList\ManagedLinkedList.csproj", "{94A5BFE0-4D0A-464F-9F92-4ED51D77DE55}"
EndProject
Project("{2150E333-8FDC-42A3-9474-1A3956D46DE8}") = "DataStructure", "DataStructure", "{78901CF7-9DCB-41A6-9253-76DFD469FCE8}"
EndProject
Project("{FAE04EC0-301F-11D3-BF4B-00C04F79EFBC}") = "TreeDataStructure", "TreeDataStructure\TreeDataStructure.csproj", "{71B426E2-E9A6-410E-9FA0-D740F32B41F2}"
EndProject
Project("{2150E333-8FDC-42A3-9474-1A3956D46DE8}") = "IfBstOrNot", "IfBstOrNot", "{82DE3478-E882-495E-9CA0-94AE5B3A0673}"
EndProject
Project("{FAE04EC0-301F-11D3-BF4B-00C04F79EFBC}") = "IfIsBstOrNot", "IfIsBstOrNot\IfIsBstOrNot.csproj", "{B37BA5E4-55CF-45BB-856C-42188FDD563F}"
EndProject
Project("{2150E333-8FDC-42A3-9474-1A3956D46DE8}") = "GenericTree", "GenericTree", "{B65C30EF-5FD4-4529-85A5-E2EAEDD9F6E6}"
EndProject
Project("{FAE04EC0-301F-11D3-BF4B-00C04F79EFBC}") = "GenericTree", "GenericTree\GenericTree.csproj", "{374E3022-3245-4DA0-8D06-FB946CBD89DB}"
EndProject
Project("{2150E333-8FDC-42A3-9474-1A3956D46DE8}") = "SearchingAndSorting", "SearchingAndSorting", "{7EF121C3-F5C7-477D-B77F-32EC01D3F448}"
EndProject
Project("{FAE04EC0-301F-11D3-BF4B-00C04F79EFBC}") = "BinarySearch", "BinarySearch\BinarySearch.csproj", "{22E1B2D7-521F-4A64-B055-DB9D6114E7B3}"
EndProject
Project("{FAE04EC0-301F-11D3-BF4B-00C04F79EFBC}") = "SelectionSort", "SelectionSort\SelectionSort.csproj", "{C896ED43-64A7-463C-A7B2-FB216555549C}"
EndProject
Project("{FAE04EC0-301F-11D3-BF4B-00C04F79EFBC}") = "BubbleSort", "BubbleSort\BubbleSort.csproj", "{D60E948D-A5DB-4A75-9F31-0C874E3833B3}"
EndProject
Project("{2150E333-8FDC-42A3-9474-1A3956D46DE8}") = "GameOfLife", "GameOfLife", "{5972E632-F4C6-4BD5-9B55-20B4CB4126FE}"
EndProject
Project("{FAE04EC0-301F-11D3-BF4B-00C04F79EFBC}") = "GameOfLife", "GameOfLife\GameOfLife.csproj", "{6BD2F05C-197A-416E-97A4-EBFCA8C8010C}"
EndProject
Project("{FAE04EC0-301F-11D3-BF4B-00C04F79EFBC}") = "LibraryManagementSystem", "LibraryManagementSystem\LibraryManagementSystem.csproj", "{7FDC282E-866F-420B-A451-F3D5E598A722}"
EndProject
Project("{FAE04EC0-301F-11D3-BF4B-00C04F79EFBC}") = "Heap", "Heap\Heap.csproj", "{D373EB01-373F-4ACF-8EA9-431698D4FACC}"
EndProject
Project("{FAE04EC0-301F-11D3-BF4B-00C04F79EFBC}") = "PriorityQueue", "PriorityQueue\PriorityQueue.csproj", "{F58B0CD8-18CB-4252-AAA4-34419E80A538}"
EndProject
Project("{FAE04EC0-301F-11D3-BF4B-00C04F79EFBC}") = "Graph", "Graph\Graph.csproj", "{E23A3E73-19AE-4ADD-BFB3-627F4AE9D0AE}"
EndProject
Project("{2150E333-8FDC-42A3-9474-1A3956D46DE8}") = "OfflineSyncing", "OfflineSyncing", "{21F8D821-5D8B-447F-A5F5-2B441A5B1BE2}"
EndProject
Project("{FAE04EC0-301F-11D3-BF4B-00C04F79EFBC}") = "OfflineSync.Uwp", "OfflineSync.Uwp\OfflineSync.Uwp.csproj", "{92F25759-9A49-448C-90E8-98BE9E9B7DDE}"
EndProject
Project("{FAE04EC0-301F-11D3-BF4B-00C04F79EFBC}") = "OfflineSync.Core", "OfflineSync.Core\OfflineSync.Core.csproj", "{D41338FA-7FAC-4A51-A5BF-F39705F4D879}"
EndProject
Project("{FAE04EC0-301F-11D3-BF4B-00C04F79EFBC}") = "Dijkstra_ShortestPath", "Dijkstra_ShortestPath\Dijkstra_ShortestPath.csproj", "{9748E987-E62B-44E3-97E2-723C7912D003}"
EndProject
Global
	GlobalSection(SolutionConfigurationPlatforms) = preSolution
		Ad-Hoc|Any CPU = Ad-Hoc|Any CPU
		Ad-Hoc|ARM = Ad-Hoc|ARM
		Ad-Hoc|iPhone = Ad-Hoc|iPhone
		Ad-Hoc|iPhoneSimulator = Ad-Hoc|iPhoneSimulator
		Ad-Hoc|x64 = Ad-Hoc|x64
		Ad-Hoc|x86 = Ad-Hoc|x86
		AppStore|Any CPU = AppStore|Any CPU
		AppStore|ARM = AppStore|ARM
		AppStore|iPhone = AppStore|iPhone
		AppStore|iPhoneSimulator = AppStore|iPhoneSimulator
		AppStore|x64 = AppStore|x64
		AppStore|x86 = AppStore|x86
		Debug|Any CPU = Debug|Any CPU
		Debug|ARM = Debug|ARM
		Debug|iPhone = Debug|iPhone
		Debug|iPhoneSimulator = Debug|iPhoneSimulator
		Debug|x64 = Debug|x64
		Debug|x86 = Debug|x86
		Release|Any CPU = Release|Any CPU
		Release|ARM = Release|ARM
		Release|iPhone = Release|iPhone
		Release|iPhoneSimulator = Release|iPhoneSimulator
		Release|x64 = Release|x64
		Release|x86 = Release|x86
	EndGlobalSection
	GlobalSection(ProjectConfigurationPlatforms) = postSolution
		{FFFA0C22-0679-4CD1-896C-77791476F561}.Ad-Hoc|Any CPU.ActiveCfg = Release|Any CPU
		{FFFA0C22-0679-4CD1-896C-77791476F561}.Ad-Hoc|Any CPU.Build.0 = Release|Any CPU
		{FFFA0C22-0679-4CD1-896C-77791476F561}.Ad-Hoc|ARM.ActiveCfg = Release|Any CPU
		{FFFA0C22-0679-4CD1-896C-77791476F561}.Ad-Hoc|ARM.Build.0 = Release|Any CPU
		{FFFA0C22-0679-4CD1-896C-77791476F561}.Ad-Hoc|iPhone.ActiveCfg = Release|Any CPU
		{FFFA0C22-0679-4CD1-896C-77791476F561}.Ad-Hoc|iPhone.Build.0 = Release|Any CPU
		{FFFA0C22-0679-4CD1-896C-77791476F561}.Ad-Hoc|iPhoneSimulator.ActiveCfg = Release|Any CPU
		{FFFA0C22-0679-4CD1-896C-77791476F561}.Ad-Hoc|iPhoneSimulator.Build.0 = Release|Any CPU
		{FFFA0C22-0679-4CD1-896C-77791476F561}.Ad-Hoc|x64.ActiveCfg = Release|Any CPU
		{FFFA0C22-0679-4CD1-896C-77791476F561}.Ad-Hoc|x64.Build.0 = Release|Any CPU
		{FFFA0C22-0679-4CD1-896C-77791476F561}.Ad-Hoc|x86.ActiveCfg = Release|Any CPU
		{FFFA0C22-0679-4CD1-896C-77791476F561}.Ad-Hoc|x86.Build.0 = Release|Any CPU
		{FFFA0C22-0679-4CD1-896C-77791476F561}.AppStore|Any CPU.ActiveCfg = Release|Any CPU
		{FFFA0C22-0679-4CD1-896C-77791476F561}.AppStore|Any CPU.Build.0 = Release|Any CPU
		{FFFA0C22-0679-4CD1-896C-77791476F561}.AppStore|ARM.ActiveCfg = Release|Any CPU
		{FFFA0C22-0679-4CD1-896C-77791476F561}.AppStore|ARM.Build.0 = Release|Any CPU
		{FFFA0C22-0679-4CD1-896C-77791476F561}.AppStore|iPhone.ActiveCfg = Release|Any CPU
		{FFFA0C22-0679-4CD1-896C-77791476F561}.AppStore|iPhone.Build.0 = Release|Any CPU
		{FFFA0C22-0679-4CD1-896C-77791476F561}.AppStore|iPhoneSimulator.ActiveCfg = Release|Any CPU
		{FFFA0C22-0679-4CD1-896C-77791476F561}.AppStore|iPhoneSimulator.Build.0 = Release|Any CPU
		{FFFA0C22-0679-4CD1-896C-77791476F561}.AppStore|x64.ActiveCfg = Release|Any CPU
		{FFFA0C22-0679-4CD1-896C-77791476F561}.AppStore|x64.Build.0 = Release|Any CPU
		{FFFA0C22-0679-4CD1-896C-77791476F561}.AppStore|x86.ActiveCfg = Release|Any CPU
		{FFFA0C22-0679-4CD1-896C-77791476F561}.AppStore|x86.Build.0 = Release|Any CPU
		{FFFA0C22-0679-4CD1-896C-77791476F561}.Debug|Any CPU.ActiveCfg = Debug|Any CPU
		{FFFA0C22-0679-4CD1-896C-77791476F561}.Debug|Any CPU.Build.0 = Debug|Any CPU
		{FFFA0C22-0679-4CD1-896C-77791476F561}.Debug|ARM.ActiveCfg = Debug|Any CPU
		{FFFA0C22-0679-4CD1-896C-77791476F561}.Debug|ARM.Build.0 = Debug|Any CPU
		{FFFA0C22-0679-4CD1-896C-77791476F561}.Debug|iPhone.ActiveCfg = Debug|Any CPU
		{FFFA0C22-0679-4CD1-896C-77791476F561}.Debug|iPhone.Build.0 = Debug|Any CPU
		{FFFA0C22-0679-4CD1-896C-77791476F561}.Debug|iPhoneSimulator.ActiveCfg = Debug|Any CPU
		{FFFA0C22-0679-4CD1-896C-77791476F561}.Debug|iPhoneSimulator.Build.0 = Debug|Any CPU
		{FFFA0C22-0679-4CD1-896C-77791476F561}.Debug|x64.ActiveCfg = Debug|Any CPU
		{FFFA0C22-0679-4CD1-896C-77791476F561}.Debug|x64.Build.0 = Debug|Any CPU
		{FFFA0C22-0679-4CD1-896C-77791476F561}.Debug|x86.ActiveCfg = Debug|Any CPU
		{FFFA0C22-0679-4CD1-896C-77791476F561}.Debug|x86.Build.0 = Debug|Any CPU
		{FFFA0C22-0679-4CD1-896C-77791476F561}.Release|Any CPU.ActiveCfg = Release|Any CPU
		{FFFA0C22-0679-4CD1-896C-77791476F561}.Release|Any CPU.Build.0 = Release|Any CPU
		{FFFA0C22-0679-4CD1-896C-77791476F561}.Release|ARM.ActiveCfg = Release|Any CPU
		{FFFA0C22-0679-4CD1-896C-77791476F561}.Release|ARM.Build.0 = Release|Any CPU
		{FFFA0C22-0679-4CD1-896C-77791476F561}.Release|iPhone.ActiveCfg = Release|Any CPU
		{FFFA0C22-0679-4CD1-896C-77791476F561}.Release|iPhone.Build.0 = Release|Any CPU
		{FFFA0C22-0679-4CD1-896C-77791476F561}.Release|iPhoneSimulator.ActiveCfg = Release|Any CPU
		{FFFA0C22-0679-4CD1-896C-77791476F561}.Release|iPhoneSimulator.Build.0 = Release|Any CPU
		{FFFA0C22-0679-4CD1-896C-77791476F561}.Release|x64.ActiveCfg = Release|Any CPU
		{FFFA0C22-0679-4CD1-896C-77791476F561}.Release|x64.Build.0 = Release|Any CPU
		{FFFA0C22-0679-4CD1-896C-77791476F561}.Release|x86.ActiveCfg = Release|Any CPU
		{FFFA0C22-0679-4CD1-896C-77791476F561}.Release|x86.Build.0 = Release|Any CPU
		{38D757FC-AD7B-49F7-8ABE-628F03A05CDE}.Ad-Hoc|Any CPU.ActiveCfg = Release|Any CPU
		{38D757FC-AD7B-49F7-8ABE-628F03A05CDE}.Ad-Hoc|Any CPU.Build.0 = Release|Any CPU
		{38D757FC-AD7B-49F7-8ABE-628F03A05CDE}.Ad-Hoc|ARM.ActiveCfg = Release|Any CPU
		{38D757FC-AD7B-49F7-8ABE-628F03A05CDE}.Ad-Hoc|ARM.Build.0 = Release|Any CPU
		{38D757FC-AD7B-49F7-8ABE-628F03A05CDE}.Ad-Hoc|iPhone.ActiveCfg = Release|Any CPU
		{38D757FC-AD7B-49F7-8ABE-628F03A05CDE}.Ad-Hoc|iPhone.Build.0 = Release|Any CPU
		{38D757FC-AD7B-49F7-8ABE-628F03A05CDE}.Ad-Hoc|iPhoneSimulator.ActiveCfg = Release|Any CPU
		{38D757FC-AD7B-49F7-8ABE-628F03A05CDE}.Ad-Hoc|iPhoneSimulator.Build.0 = Release|Any CPU
		{38D757FC-AD7B-49F7-8ABE-628F03A05CDE}.Ad-Hoc|x64.ActiveCfg = Release|Any CPU
		{38D757FC-AD7B-49F7-8ABE-628F03A05CDE}.Ad-Hoc|x64.Build.0 = Release|Any CPU
		{38D757FC-AD7B-49F7-8ABE-628F03A05CDE}.Ad-Hoc|x86.ActiveCfg = Release|Any CPU
		{38D757FC-AD7B-49F7-8ABE-628F03A05CDE}.Ad-Hoc|x86.Build.0 = Release|Any CPU
		{38D757FC-AD7B-49F7-8ABE-628F03A05CDE}.AppStore|Any CPU.ActiveCfg = Release|Any CPU
		{38D757FC-AD7B-49F7-8ABE-628F03A05CDE}.AppStore|Any CPU.Build.0 = Release|Any CPU
		{38D757FC-AD7B-49F7-8ABE-628F03A05CDE}.AppStore|ARM.ActiveCfg = Release|Any CPU
		{38D757FC-AD7B-49F7-8ABE-628F03A05CDE}.AppStore|ARM.Build.0 = Release|Any CPU
		{38D757FC-AD7B-49F7-8ABE-628F03A05CDE}.AppStore|iPhone.ActiveCfg = Release|Any CPU
		{38D757FC-AD7B-49F7-8ABE-628F03A05CDE}.AppStore|iPhone.Build.0 = Release|Any CPU
		{38D757FC-AD7B-49F7-8ABE-628F03A05CDE}.AppStore|iPhoneSimulator.ActiveCfg = Release|Any CPU
		{38D757FC-AD7B-49F7-8ABE-628F03A05CDE}.AppStore|iPhoneSimulator.Build.0 = Release|Any CPU
		{38D757FC-AD7B-49F7-8ABE-628F03A05CDE}.AppStore|x64.ActiveCfg = Release|Any CPU
		{38D757FC-AD7B-49F7-8ABE-628F03A05CDE}.AppStore|x64.Build.0 = Release|Any CPU
		{38D757FC-AD7B-49F7-8ABE-628F03A05CDE}.AppStore|x86.ActiveCfg = Release|Any CPU
		{38D757FC-AD7B-49F7-8ABE-628F03A05CDE}.AppStore|x86.Build.0 = Release|Any CPU
		{38D757FC-AD7B-49F7-8ABE-628F03A05CDE}.Debug|Any CPU.ActiveCfg = Debug|Any CPU
		{38D757FC-AD7B-49F7-8ABE-628F03A05CDE}.Debug|Any CPU.Build.0 = Debug|Any CPU
		{38D757FC-AD7B-49F7-8ABE-628F03A05CDE}.Debug|ARM.ActiveCfg = Debug|Any CPU
		{38D757FC-AD7B-49F7-8ABE-628F03A05CDE}.Debug|ARM.Build.0 = Debug|Any CPU
		{38D757FC-AD7B-49F7-8ABE-628F03A05CDE}.Debug|iPhone.ActiveCfg = Debug|Any CPU
		{38D757FC-AD7B-49F7-8ABE-628F03A05CDE}.Debug|iPhone.Build.0 = Debug|Any CPU
		{38D757FC-AD7B-49F7-8ABE-628F03A05CDE}.Debug|iPhoneSimulator.ActiveCfg = Debug|Any CPU
		{38D757FC-AD7B-49F7-8ABE-628F03A05CDE}.Debug|iPhoneSimulator.Build.0 = Debug|Any CPU
		{38D757FC-AD7B-49F7-8ABE-628F03A05CDE}.Debug|x64.ActiveCfg = Debug|Any CPU
		{38D757FC-AD7B-49F7-8ABE-628F03A05CDE}.Debug|x64.Build.0 = Debug|Any CPU
		{38D757FC-AD7B-49F7-8ABE-628F03A05CDE}.Debug|x86.ActiveCfg = Debug|Any CPU
		{38D757FC-AD7B-49F7-8ABE-628F03A05CDE}.Debug|x86.Build.0 = Debug|Any CPU
		{38D757FC-AD7B-49F7-8ABE-628F03A05CDE}.Release|Any CPU.ActiveCfg = Release|Any CPU
		{38D757FC-AD7B-49F7-8ABE-628F03A05CDE}.Release|Any CPU.Build.0 = Release|Any CPU
		{38D757FC-AD7B-49F7-8ABE-628F03A05CDE}.Release|ARM.ActiveCfg = Release|Any CPU
		{38D757FC-AD7B-49F7-8ABE-628F03A05CDE}.Release|ARM.Build.0 = Release|Any CPU
		{38D757FC-AD7B-49F7-8ABE-628F03A05CDE}.Release|iPhone.ActiveCfg = Release|Any CPU
		{38D757FC-AD7B-49F7-8ABE-628F03A05CDE}.Release|iPhone.Build.0 = Release|Any CPU
		{38D757FC-AD7B-49F7-8ABE-628F03A05CDE}.Release|iPhoneSimulator.ActiveCfg = Release|Any CPU
		{38D757FC-AD7B-49F7-8ABE-628F03A05CDE}.Release|iPhoneSimulator.Build.0 = Release|Any CPU
		{38D757FC-AD7B-49F7-8ABE-628F03A05CDE}.Release|x64.ActiveCfg = Release|Any CPU
		{38D757FC-AD7B-49F7-8ABE-628F03A05CDE}.Release|x64.Build.0 = Release|Any CPU
		{38D757FC-AD7B-49F7-8ABE-628F03A05CDE}.Release|x86.ActiveCfg = Release|Any CPU
		{38D757FC-AD7B-49F7-8ABE-628F03A05CDE}.Release|x86.Build.0 = Release|Any CPU
		{8FE596F7-4097-4A98-8558-2628EA3996C4}.Ad-Hoc|Any CPU.ActiveCfg = Release|Any CPU
		{8FE596F7-4097-4A98-8558-2628EA3996C4}.Ad-Hoc|Any CPU.Build.0 = Release|Any CPU
		{8FE596F7-4097-4A98-8558-2628EA3996C4}.Ad-Hoc|ARM.ActiveCfg = Release|Any CPU
		{8FE596F7-4097-4A98-8558-2628EA3996C4}.Ad-Hoc|ARM.Build.0 = Release|Any CPU
		{8FE596F7-4097-4A98-8558-2628EA3996C4}.Ad-Hoc|iPhone.ActiveCfg = Release|Any CPU
		{8FE596F7-4097-4A98-8558-2628EA3996C4}.Ad-Hoc|iPhone.Build.0 = Release|Any CPU
		{8FE596F7-4097-4A98-8558-2628EA3996C4}.Ad-Hoc|iPhoneSimulator.ActiveCfg = Release|Any CPU
		{8FE596F7-4097-4A98-8558-2628EA3996C4}.Ad-Hoc|iPhoneSimulator.Build.0 = Release|Any CPU
		{8FE596F7-4097-4A98-8558-2628EA3996C4}.Ad-Hoc|x64.ActiveCfg = Release|Any CPU
		{8FE596F7-4097-4A98-8558-2628EA3996C4}.Ad-Hoc|x64.Build.0 = Release|Any CPU
		{8FE596F7-4097-4A98-8558-2628EA3996C4}.Ad-Hoc|x86.ActiveCfg = Release|Any CPU
		{8FE596F7-4097-4A98-8558-2628EA3996C4}.Ad-Hoc|x86.Build.0 = Release|Any CPU
		{8FE596F7-4097-4A98-8558-2628EA3996C4}.AppStore|Any CPU.ActiveCfg = Release|Any CPU
		{8FE596F7-4097-4A98-8558-2628EA3996C4}.AppStore|Any CPU.Build.0 = Release|Any CPU
		{8FE596F7-4097-4A98-8558-2628EA3996C4}.AppStore|ARM.ActiveCfg = Release|Any CPU
		{8FE596F7-4097-4A98-8558-2628EA3996C4}.AppStore|ARM.Build.0 = Release|Any CPU
		{8FE596F7-4097-4A98-8558-2628EA3996C4}.AppStore|iPhone.ActiveCfg = Release|Any CPU
		{8FE596F7-4097-4A98-8558-2628EA3996C4}.AppStore|iPhone.Build.0 = Release|Any CPU
		{8FE596F7-4097-4A98-8558-2628EA3996C4}.AppStore|iPhoneSimulator.ActiveCfg = Release|Any CPU
		{8FE596F7-4097-4A98-8558-2628EA3996C4}.AppStore|iPhoneSimulator.Build.0 = Release|Any CPU
		{8FE596F7-4097-4A98-8558-2628EA3996C4}.AppStore|x64.ActiveCfg = Release|Any CPU
		{8FE596F7-4097-4A98-8558-2628EA3996C4}.AppStore|x64.Build.0 = Release|Any CPU
		{8FE596F7-4097-4A98-8558-2628EA3996C4}.AppStore|x86.ActiveCfg = Release|Any CPU
		{8FE596F7-4097-4A98-8558-2628EA3996C4}.AppStore|x86.Build.0 = Release|Any CPU
		{8FE596F7-4097-4A98-8558-2628EA3996C4}.Debug|Any CPU.ActiveCfg = Debug|Any CPU
		{8FE596F7-4097-4A98-8558-2628EA3996C4}.Debug|Any CPU.Build.0 = Debug|Any CPU
		{8FE596F7-4097-4A98-8558-2628EA3996C4}.Debug|ARM.ActiveCfg = Debug|Any CPU
		{8FE596F7-4097-4A98-8558-2628EA3996C4}.Debug|ARM.Build.0 = Debug|Any CPU
		{8FE596F7-4097-4A98-8558-2628EA3996C4}.Debug|iPhone.ActiveCfg = Debug|Any CPU
		{8FE596F7-4097-4A98-8558-2628EA3996C4}.Debug|iPhone.Build.0 = Debug|Any CPU
		{8FE596F7-4097-4A98-8558-2628EA3996C4}.Debug|iPhoneSimulator.ActiveCfg = Debug|Any CPU
		{8FE596F7-4097-4A98-8558-2628EA3996C4}.Debug|iPhoneSimulator.Build.0 = Debug|Any CPU
		{8FE596F7-4097-4A98-8558-2628EA3996C4}.Debug|x64.ActiveCfg = Debug|Any CPU
		{8FE596F7-4097-4A98-8558-2628EA3996C4}.Debug|x64.Build.0 = Debug|Any CPU
		{8FE596F7-4097-4A98-8558-2628EA3996C4}.Debug|x86.ActiveCfg = Debug|Any CPU
		{8FE596F7-4097-4A98-8558-2628EA3996C4}.Debug|x86.Build.0 = Debug|Any CPU
		{8FE596F7-4097-4A98-8558-2628EA3996C4}.Release|Any CPU.ActiveCfg = Release|Any CPU
		{8FE596F7-4097-4A98-8558-2628EA3996C4}.Release|Any CPU.Build.0 = Release|Any CPU
		{8FE596F7-4097-4A98-8558-2628EA3996C4}.Release|ARM.ActiveCfg = Release|Any CPU
		{8FE596F7-4097-4A98-8558-2628EA3996C4}.Release|ARM.Build.0 = Release|Any CPU
		{8FE596F7-4097-4A98-8558-2628EA3996C4}.Release|iPhone.ActiveCfg = Release|Any CPU
		{8FE596F7-4097-4A98-8558-2628EA3996C4}.Release|iPhone.Build.0 = Release|Any CPU
		{8FE596F7-4097-4A98-8558-2628EA3996C4}.Release|iPhoneSimulator.ActiveCfg = Release|Any CPU
		{8FE596F7-4097-4A98-8558-2628EA3996C4}.Release|iPhoneSimulator.Build.0 = Release|Any CPU
		{8FE596F7-4097-4A98-8558-2628EA3996C4}.Release|x64.ActiveCfg = Release|Any CPU
		{8FE596F7-4097-4A98-8558-2628EA3996C4}.Release|x64.Build.0 = Release|Any CPU
		{8FE596F7-4097-4A98-8558-2628EA3996C4}.Release|x86.ActiveCfg = Release|Any CPU
		{8FE596F7-4097-4A98-8558-2628EA3996C4}.Release|x86.Build.0 = Release|Any CPU
		{F1D522F5-7D0A-4EE1-BBC5-FC7FD80B5DD7}.Ad-Hoc|Any CPU.ActiveCfg = Release|Any CPU
		{F1D522F5-7D0A-4EE1-BBC5-FC7FD80B5DD7}.Ad-Hoc|Any CPU.Build.0 = Release|Any CPU
		{F1D522F5-7D0A-4EE1-BBC5-FC7FD80B5DD7}.Ad-Hoc|ARM.ActiveCfg = Release|Any CPU
		{F1D522F5-7D0A-4EE1-BBC5-FC7FD80B5DD7}.Ad-Hoc|ARM.Build.0 = Release|Any CPU
		{F1D522F5-7D0A-4EE1-BBC5-FC7FD80B5DD7}.Ad-Hoc|iPhone.ActiveCfg = Release|Any CPU
		{F1D522F5-7D0A-4EE1-BBC5-FC7FD80B5DD7}.Ad-Hoc|iPhone.Build.0 = Release|Any CPU
		{F1D522F5-7D0A-4EE1-BBC5-FC7FD80B5DD7}.Ad-Hoc|iPhoneSimulator.ActiveCfg = Release|Any CPU
		{F1D522F5-7D0A-4EE1-BBC5-FC7FD80B5DD7}.Ad-Hoc|iPhoneSimulator.Build.0 = Release|Any CPU
		{F1D522F5-7D0A-4EE1-BBC5-FC7FD80B5DD7}.Ad-Hoc|x64.ActiveCfg = Release|Any CPU
		{F1D522F5-7D0A-4EE1-BBC5-FC7FD80B5DD7}.Ad-Hoc|x64.Build.0 = Release|Any CPU
		{F1D522F5-7D0A-4EE1-BBC5-FC7FD80B5DD7}.Ad-Hoc|x86.ActiveCfg = Release|Any CPU
		{F1D522F5-7D0A-4EE1-BBC5-FC7FD80B5DD7}.Ad-Hoc|x86.Build.0 = Release|Any CPU
		{F1D522F5-7D0A-4EE1-BBC5-FC7FD80B5DD7}.AppStore|Any CPU.ActiveCfg = Release|Any CPU
		{F1D522F5-7D0A-4EE1-BBC5-FC7FD80B5DD7}.AppStore|Any CPU.Build.0 = Release|Any CPU
		{F1D522F5-7D0A-4EE1-BBC5-FC7FD80B5DD7}.AppStore|ARM.ActiveCfg = Release|Any CPU
		{F1D522F5-7D0A-4EE1-BBC5-FC7FD80B5DD7}.AppStore|ARM.Build.0 = Release|Any CPU
		{F1D522F5-7D0A-4EE1-BBC5-FC7FD80B5DD7}.AppStore|iPhone.ActiveCfg = Release|Any CPU
		{F1D522F5-7D0A-4EE1-BBC5-FC7FD80B5DD7}.AppStore|iPhone.Build.0 = Release|Any CPU
		{F1D522F5-7D0A-4EE1-BBC5-FC7FD80B5DD7}.AppStore|iPhoneSimulator.ActiveCfg = Release|Any CPU
		{F1D522F5-7D0A-4EE1-BBC5-FC7FD80B5DD7}.AppStore|iPhoneSimulator.Build.0 = Release|Any CPU
		{F1D522F5-7D0A-4EE1-BBC5-FC7FD80B5DD7}.AppStore|x64.ActiveCfg = Release|Any CPU
		{F1D522F5-7D0A-4EE1-BBC5-FC7FD80B5DD7}.AppStore|x64.Build.0 = Release|Any CPU
		{F1D522F5-7D0A-4EE1-BBC5-FC7FD80B5DD7}.AppStore|x86.ActiveCfg = Release|Any CPU
		{F1D522F5-7D0A-4EE1-BBC5-FC7FD80B5DD7}.AppStore|x86.Build.0 = Release|Any CPU
		{F1D522F5-7D0A-4EE1-BBC5-FC7FD80B5DD7}.Debug|Any CPU.ActiveCfg = Debug|Any CPU
		{F1D522F5-7D0A-4EE1-BBC5-FC7FD80B5DD7}.Debug|Any CPU.Build.0 = Debug|Any CPU
		{F1D522F5-7D0A-4EE1-BBC5-FC7FD80B5DD7}.Debug|ARM.ActiveCfg = Debug|Any CPU
		{F1D522F5-7D0A-4EE1-BBC5-FC7FD80B5DD7}.Debug|ARM.Build.0 = Debug|Any CPU
		{F1D522F5-7D0A-4EE1-BBC5-FC7FD80B5DD7}.Debug|iPhone.ActiveCfg = Debug|Any CPU
		{F1D522F5-7D0A-4EE1-BBC5-FC7FD80B5DD7}.Debug|iPhone.Build.0 = Debug|Any CPU
		{F1D522F5-7D0A-4EE1-BBC5-FC7FD80B5DD7}.Debug|iPhoneSimulator.ActiveCfg = Debug|Any CPU
		{F1D522F5-7D0A-4EE1-BBC5-FC7FD80B5DD7}.Debug|iPhoneSimulator.Build.0 = Debug|Any CPU
		{F1D522F5-7D0A-4EE1-BBC5-FC7FD80B5DD7}.Debug|x64.ActiveCfg = Debug|Any CPU
		{F1D522F5-7D0A-4EE1-BBC5-FC7FD80B5DD7}.Debug|x64.Build.0 = Debug|Any CPU
		{F1D522F5-7D0A-4EE1-BBC5-FC7FD80B5DD7}.Debug|x86.ActiveCfg = Debug|Any CPU
		{F1D522F5-7D0A-4EE1-BBC5-FC7FD80B5DD7}.Debug|x86.Build.0 = Debug|Any CPU
		{F1D522F5-7D0A-4EE1-BBC5-FC7FD80B5DD7}.Release|Any CPU.ActiveCfg = Release|Any CPU
		{F1D522F5-7D0A-4EE1-BBC5-FC7FD80B5DD7}.Release|Any CPU.Build.0 = Release|Any CPU
		{F1D522F5-7D0A-4EE1-BBC5-FC7FD80B5DD7}.Release|ARM.ActiveCfg = Release|Any CPU
		{F1D522F5-7D0A-4EE1-BBC5-FC7FD80B5DD7}.Release|ARM.Build.0 = Release|Any CPU
		{F1D522F5-7D0A-4EE1-BBC5-FC7FD80B5DD7}.Release|iPhone.ActiveCfg = Release|Any CPU
		{F1D522F5-7D0A-4EE1-BBC5-FC7FD80B5DD7}.Release|iPhone.Build.0 = Release|Any CPU
		{F1D522F5-7D0A-4EE1-BBC5-FC7FD80B5DD7}.Release|iPhoneSimulator.ActiveCfg = Release|Any CPU
		{F1D522F5-7D0A-4EE1-BBC5-FC7FD80B5DD7}.Release|iPhoneSimulator.Build.0 = Release|Any CPU
		{F1D522F5-7D0A-4EE1-BBC5-FC7FD80B5DD7}.Release|x64.ActiveCfg = Release|Any CPU
		{F1D522F5-7D0A-4EE1-BBC5-FC7FD80B5DD7}.Release|x64.Build.0 = Release|Any CPU
		{F1D522F5-7D0A-4EE1-BBC5-FC7FD80B5DD7}.Release|x86.ActiveCfg = Release|Any CPU
		{F1D522F5-7D0A-4EE1-BBC5-FC7FD80B5DD7}.Release|x86.Build.0 = Release|Any CPU
		{F84F24F7-FECE-4BD8-9D44-6AEB13FE88F0}.Ad-Hoc|Any CPU.ActiveCfg = Release|Any CPU
		{F84F24F7-FECE-4BD8-9D44-6AEB13FE88F0}.Ad-Hoc|Any CPU.Build.0 = Release|Any CPU
		{F84F24F7-FECE-4BD8-9D44-6AEB13FE88F0}.Ad-Hoc|ARM.ActiveCfg = Release|Any CPU
		{F84F24F7-FECE-4BD8-9D44-6AEB13FE88F0}.Ad-Hoc|ARM.Build.0 = Release|Any CPU
		{F84F24F7-FECE-4BD8-9D44-6AEB13FE88F0}.Ad-Hoc|iPhone.ActiveCfg = Release|Any CPU
		{F84F24F7-FECE-4BD8-9D44-6AEB13FE88F0}.Ad-Hoc|iPhone.Build.0 = Release|Any CPU
		{F84F24F7-FECE-4BD8-9D44-6AEB13FE88F0}.Ad-Hoc|iPhoneSimulator.ActiveCfg = Release|Any CPU
		{F84F24F7-FECE-4BD8-9D44-6AEB13FE88F0}.Ad-Hoc|iPhoneSimulator.Build.0 = Release|Any CPU
		{F84F24F7-FECE-4BD8-9D44-6AEB13FE88F0}.Ad-Hoc|x64.ActiveCfg = Release|Any CPU
		{F84F24F7-FECE-4BD8-9D44-6AEB13FE88F0}.Ad-Hoc|x64.Build.0 = Release|Any CPU
		{F84F24F7-FECE-4BD8-9D44-6AEB13FE88F0}.Ad-Hoc|x86.ActiveCfg = Release|Any CPU
		{F84F24F7-FECE-4BD8-9D44-6AEB13FE88F0}.Ad-Hoc|x86.Build.0 = Release|Any CPU
		{F84F24F7-FECE-4BD8-9D44-6AEB13FE88F0}.AppStore|Any CPU.ActiveCfg = Release|Any CPU
		{F84F24F7-FECE-4BD8-9D44-6AEB13FE88F0}.AppStore|Any CPU.Build.0 = Release|Any CPU
		{F84F24F7-FECE-4BD8-9D44-6AEB13FE88F0}.AppStore|ARM.ActiveCfg = Release|Any CPU
		{F84F24F7-FECE-4BD8-9D44-6AEB13FE88F0}.AppStore|ARM.Build.0 = Release|Any CPU
		{F84F24F7-FECE-4BD8-9D44-6AEB13FE88F0}.AppStore|iPhone.ActiveCfg = Release|Any CPU
		{F84F24F7-FECE-4BD8-9D44-6AEB13FE88F0}.AppStore|iPhone.Build.0 = Release|Any CPU
		{F84F24F7-FECE-4BD8-9D44-6AEB13FE88F0}.AppStore|iPhoneSimulator.ActiveCfg = Release|Any CPU
		{F84F24F7-FECE-4BD8-9D44-6AEB13FE88F0}.AppStore|iPhoneSimulator.Build.0 = Release|Any CPU
		{F84F24F7-FECE-4BD8-9D44-6AEB13FE88F0}.AppStore|x64.ActiveCfg = Release|Any CPU
		{F84F24F7-FECE-4BD8-9D44-6AEB13FE88F0}.AppStore|x64.Build.0 = Release|Any CPU
		{F84F24F7-FECE-4BD8-9D44-6AEB13FE88F0}.AppStore|x86.ActiveCfg = Release|Any CPU
		{F84F24F7-FECE-4BD8-9D44-6AEB13FE88F0}.AppStore|x86.Build.0 = Release|Any CPU
		{F84F24F7-FECE-4BD8-9D44-6AEB13FE88F0}.Debug|Any CPU.ActiveCfg = Debug|Any CPU
		{F84F24F7-FECE-4BD8-9D44-6AEB13FE88F0}.Debug|Any CPU.Build.0 = Debug|Any CPU
		{F84F24F7-FECE-4BD8-9D44-6AEB13FE88F0}.Debug|ARM.ActiveCfg = Debug|Any CPU
		{F84F24F7-FECE-4BD8-9D44-6AEB13FE88F0}.Debug|ARM.Build.0 = Debug|Any CPU
		{F84F24F7-FECE-4BD8-9D44-6AEB13FE88F0}.Debug|iPhone.ActiveCfg = Debug|Any CPU
		{F84F24F7-FECE-4BD8-9D44-6AEB13FE88F0}.Debug|iPhone.Build.0 = Debug|Any CPU
		{F84F24F7-FECE-4BD8-9D44-6AEB13FE88F0}.Debug|iPhoneSimulator.ActiveCfg = Debug|Any CPU
		{F84F24F7-FECE-4BD8-9D44-6AEB13FE88F0}.Debug|iPhoneSimulator.Build.0 = Debug|Any CPU
		{F84F24F7-FECE-4BD8-9D44-6AEB13FE88F0}.Debug|x64.ActiveCfg = Debug|Any CPU
		{F84F24F7-FECE-4BD8-9D44-6AEB13FE88F0}.Debug|x64.Build.0 = Debug|Any CPU
		{F84F24F7-FECE-4BD8-9D44-6AEB13FE88F0}.Debug|x86.ActiveCfg = Debug|Any CPU
		{F84F24F7-FECE-4BD8-9D44-6AEB13FE88F0}.Debug|x86.Build.0 = Debug|Any CPU
		{F84F24F7-FECE-4BD8-9D44-6AEB13FE88F0}.Release|Any CPU.ActiveCfg = Release|Any CPU
		{F84F24F7-FECE-4BD8-9D44-6AEB13FE88F0}.Release|Any CPU.Build.0 = Release|Any CPU
		{F84F24F7-FECE-4BD8-9D44-6AEB13FE88F0}.Release|ARM.ActiveCfg = Release|Any CPU
		{F84F24F7-FECE-4BD8-9D44-6AEB13FE88F0}.Release|ARM.Build.0 = Release|Any CPU
		{F84F24F7-FECE-4BD8-9D44-6AEB13FE88F0}.Release|iPhone.ActiveCfg = Release|Any CPU
		{F84F24F7-FECE-4BD8-9D44-6AEB13FE88F0}.Release|iPhone.Build.0 = Release|Any CPU
		{F84F24F7-FECE-4BD8-9D44-6AEB13FE88F0}.Release|iPhoneSimulator.ActiveCfg = Release|Any CPU
		{F84F24F7-FECE-4BD8-9D44-6AEB13FE88F0}.Release|iPhoneSimulator.Build.0 = Release|Any CPU
		{F84F24F7-FECE-4BD8-9D44-6AEB13FE88F0}.Release|x64.ActiveCfg = Release|Any CPU
		{F84F24F7-FECE-4BD8-9D44-6AEB13FE88F0}.Release|x64.Build.0 = Release|Any CPU
		{F84F24F7-FECE-4BD8-9D44-6AEB13FE88F0}.Release|x86.ActiveCfg = Release|Any CPU
		{F84F24F7-FECE-4BD8-9D44-6AEB13FE88F0}.Release|x86.Build.0 = Release|Any CPU
		{94A5BFE0-4D0A-464F-9F92-4ED51D77DE55}.Ad-Hoc|Any CPU.ActiveCfg = Release|Any CPU
		{94A5BFE0-4D0A-464F-9F92-4ED51D77DE55}.Ad-Hoc|Any CPU.Build.0 = Release|Any CPU
		{94A5BFE0-4D0A-464F-9F92-4ED51D77DE55}.Ad-Hoc|ARM.ActiveCfg = Release|Any CPU
		{94A5BFE0-4D0A-464F-9F92-4ED51D77DE55}.Ad-Hoc|ARM.Build.0 = Release|Any CPU
		{94A5BFE0-4D0A-464F-9F92-4ED51D77DE55}.Ad-Hoc|iPhone.ActiveCfg = Release|Any CPU
		{94A5BFE0-4D0A-464F-9F92-4ED51D77DE55}.Ad-Hoc|iPhone.Build.0 = Release|Any CPU
		{94A5BFE0-4D0A-464F-9F92-4ED51D77DE55}.Ad-Hoc|iPhoneSimulator.ActiveCfg = Release|Any CPU
		{94A5BFE0-4D0A-464F-9F92-4ED51D77DE55}.Ad-Hoc|iPhoneSimulator.Build.0 = Release|Any CPU
		{94A5BFE0-4D0A-464F-9F92-4ED51D77DE55}.Ad-Hoc|x64.ActiveCfg = Release|Any CPU
		{94A5BFE0-4D0A-464F-9F92-4ED51D77DE55}.Ad-Hoc|x64.Build.0 = Release|Any CPU
		{94A5BFE0-4D0A-464F-9F92-4ED51D77DE55}.Ad-Hoc|x86.ActiveCfg = Release|Any CPU
		{94A5BFE0-4D0A-464F-9F92-4ED51D77DE55}.Ad-Hoc|x86.Build.0 = Release|Any CPU
		{94A5BFE0-4D0A-464F-9F92-4ED51D77DE55}.AppStore|Any CPU.ActiveCfg = Release|Any CPU
		{94A5BFE0-4D0A-464F-9F92-4ED51D77DE55}.AppStore|Any CPU.Build.0 = Release|Any CPU
		{94A5BFE0-4D0A-464F-9F92-4ED51D77DE55}.AppStore|ARM.ActiveCfg = Release|Any CPU
		{94A5BFE0-4D0A-464F-9F92-4ED51D77DE55}.AppStore|ARM.Build.0 = Release|Any CPU
		{94A5BFE0-4D0A-464F-9F92-4ED51D77DE55}.AppStore|iPhone.ActiveCfg = Release|Any CPU
		{94A5BFE0-4D0A-464F-9F92-4ED51D77DE55}.AppStore|iPhone.Build.0 = Release|Any CPU
		{94A5BFE0-4D0A-464F-9F92-4ED51D77DE55}.AppStore|iPhoneSimulator.ActiveCfg = Release|Any CPU
		{94A5BFE0-4D0A-464F-9F92-4ED51D77DE55}.AppStore|iPhoneSimulator.Build.0 = Release|Any CPU
		{94A5BFE0-4D0A-464F-9F92-4ED51D77DE55}.AppStore|x64.ActiveCfg = Release|Any CPU
		{94A5BFE0-4D0A-464F-9F92-4ED51D77DE55}.AppStore|x64.Build.0 = Release|Any CPU
		{94A5BFE0-4D0A-464F-9F92-4ED51D77DE55}.AppStore|x86.ActiveCfg = Release|Any CPU
		{94A5BFE0-4D0A-464F-9F92-4ED51D77DE55}.AppStore|x86.Build.0 = Release|Any CPU
		{94A5BFE0-4D0A-464F-9F92-4ED51D77DE55}.Debug|Any CPU.ActiveCfg = Debug|Any CPU
		{94A5BFE0-4D0A-464F-9F92-4ED51D77DE55}.Debug|Any CPU.Build.0 = Debug|Any CPU
		{94A5BFE0-4D0A-464F-9F92-4ED51D77DE55}.Debug|ARM.ActiveCfg = Debug|Any CPU
		{94A5BFE0-4D0A-464F-9F92-4ED51D77DE55}.Debug|ARM.Build.0 = Debug|Any CPU
		{94A5BFE0-4D0A-464F-9F92-4ED51D77DE55}.Debug|iPhone.ActiveCfg = Debug|Any CPU
		{94A5BFE0-4D0A-464F-9F92-4ED51D77DE55}.Debug|iPhone.Build.0 = Debug|Any CPU
		{94A5BFE0-4D0A-464F-9F92-4ED51D77DE55}.Debug|iPhoneSimulator.ActiveCfg = Debug|Any CPU
		{94A5BFE0-4D0A-464F-9F92-4ED51D77DE55}.Debug|iPhoneSimulator.Build.0 = Debug|Any CPU
		{94A5BFE0-4D0A-464F-9F92-4ED51D77DE55}.Debug|x64.ActiveCfg = Debug|Any CPU
		{94A5BFE0-4D0A-464F-9F92-4ED51D77DE55}.Debug|x64.Build.0 = Debug|Any CPU
		{94A5BFE0-4D0A-464F-9F92-4ED51D77DE55}.Debug|x86.ActiveCfg = Debug|Any CPU
		{94A5BFE0-4D0A-464F-9F92-4ED51D77DE55}.Debug|x86.Build.0 = Debug|Any CPU
		{94A5BFE0-4D0A-464F-9F92-4ED51D77DE55}.Release|Any CPU.ActiveCfg = Release|Any CPU
		{94A5BFE0-4D0A-464F-9F92-4ED51D77DE55}.Release|Any CPU.Build.0 = Release|Any CPU
		{94A5BFE0-4D0A-464F-9F92-4ED51D77DE55}.Release|ARM.ActiveCfg = Release|Any CPU
		{94A5BFE0-4D0A-464F-9F92-4ED51D77DE55}.Release|ARM.Build.0 = Release|Any CPU
		{94A5BFE0-4D0A-464F-9F92-4ED51D77DE55}.Release|iPhone.ActiveCfg = Release|Any CPU
		{94A5BFE0-4D0A-464F-9F92-4ED51D77DE55}.Release|iPhone.Build.0 = Release|Any CPU
		{94A5BFE0-4D0A-464F-9F92-4ED51D77DE55}.Release|iPhoneSimulator.ActiveCfg = Release|Any CPU
		{94A5BFE0-4D0A-464F-9F92-4ED51D77DE55}.Release|iPhoneSimulator.Build.0 = Release|Any CPU
		{94A5BFE0-4D0A-464F-9F92-4ED51D77DE55}.Release|x64.ActiveCfg = Release|Any CPU
		{94A5BFE0-4D0A-464F-9F92-4ED51D77DE55}.Release|x64.Build.0 = Release|Any CPU
		{94A5BFE0-4D0A-464F-9F92-4ED51D77DE55}.Release|x86.ActiveCfg = Release|Any CPU
		{94A5BFE0-4D0A-464F-9F92-4ED51D77DE55}.Release|x86.Build.0 = Release|Any CPU
		{71B426E2-E9A6-410E-9FA0-D740F32B41F2}.Ad-Hoc|Any CPU.ActiveCfg = Release|Any CPU
		{71B426E2-E9A6-410E-9FA0-D740F32B41F2}.Ad-Hoc|Any CPU.Build.0 = Release|Any CPU
		{71B426E2-E9A6-410E-9FA0-D740F32B41F2}.Ad-Hoc|ARM.ActiveCfg = Release|Any CPU
		{71B426E2-E9A6-410E-9FA0-D740F32B41F2}.Ad-Hoc|ARM.Build.0 = Release|Any CPU
		{71B426E2-E9A6-410E-9FA0-D740F32B41F2}.Ad-Hoc|iPhone.ActiveCfg = Release|Any CPU
		{71B426E2-E9A6-410E-9FA0-D740F32B41F2}.Ad-Hoc|iPhone.Build.0 = Release|Any CPU
		{71B426E2-E9A6-410E-9FA0-D740F32B41F2}.Ad-Hoc|iPhoneSimulator.ActiveCfg = Release|Any CPU
		{71B426E2-E9A6-410E-9FA0-D740F32B41F2}.Ad-Hoc|iPhoneSimulator.Build.0 = Release|Any CPU
		{71B426E2-E9A6-410E-9FA0-D740F32B41F2}.Ad-Hoc|x64.ActiveCfg = Release|Any CPU
		{71B426E2-E9A6-410E-9FA0-D740F32B41F2}.Ad-Hoc|x64.Build.0 = Release|Any CPU
		{71B426E2-E9A6-410E-9FA0-D740F32B41F2}.Ad-Hoc|x86.ActiveCfg = Release|Any CPU
		{71B426E2-E9A6-410E-9FA0-D740F32B41F2}.Ad-Hoc|x86.Build.0 = Release|Any CPU
		{71B426E2-E9A6-410E-9FA0-D740F32B41F2}.AppStore|Any CPU.ActiveCfg = Release|Any CPU
		{71B426E2-E9A6-410E-9FA0-D740F32B41F2}.AppStore|Any CPU.Build.0 = Release|Any CPU
		{71B426E2-E9A6-410E-9FA0-D740F32B41F2}.AppStore|ARM.ActiveCfg = Release|Any CPU
		{71B426E2-E9A6-410E-9FA0-D740F32B41F2}.AppStore|ARM.Build.0 = Release|Any CPU
		{71B426E2-E9A6-410E-9FA0-D740F32B41F2}.AppStore|iPhone.ActiveCfg = Release|Any CPU
		{71B426E2-E9A6-410E-9FA0-D740F32B41F2}.AppStore|iPhone.Build.0 = Release|Any CPU
		{71B426E2-E9A6-410E-9FA0-D740F32B41F2}.AppStore|iPhoneSimulator.ActiveCfg = Release|Any CPU
		{71B426E2-E9A6-410E-9FA0-D740F32B41F2}.AppStore|iPhoneSimulator.Build.0 = Release|Any CPU
		{71B426E2-E9A6-410E-9FA0-D740F32B41F2}.AppStore|x64.ActiveCfg = Release|Any CPU
		{71B426E2-E9A6-410E-9FA0-D740F32B41F2}.AppStore|x64.Build.0 = Release|Any CPU
		{71B426E2-E9A6-410E-9FA0-D740F32B41F2}.AppStore|x86.ActiveCfg = Release|Any CPU
		{71B426E2-E9A6-410E-9FA0-D740F32B41F2}.AppStore|x86.Build.0 = Release|Any CPU
		{71B426E2-E9A6-410E-9FA0-D740F32B41F2}.Debug|Any CPU.ActiveCfg = Debug|Any CPU
		{71B426E2-E9A6-410E-9FA0-D740F32B41F2}.Debug|Any CPU.Build.0 = Debug|Any CPU
		{71B426E2-E9A6-410E-9FA0-D740F32B41F2}.Debug|ARM.ActiveCfg = Debug|Any CPU
		{71B426E2-E9A6-410E-9FA0-D740F32B41F2}.Debug|ARM.Build.0 = Debug|Any CPU
		{71B426E2-E9A6-410E-9FA0-D740F32B41F2}.Debug|iPhone.ActiveCfg = Debug|Any CPU
		{71B426E2-E9A6-410E-9FA0-D740F32B41F2}.Debug|iPhone.Build.0 = Debug|Any CPU
		{71B426E2-E9A6-410E-9FA0-D740F32B41F2}.Debug|iPhoneSimulator.ActiveCfg = Debug|Any CPU
		{71B426E2-E9A6-410E-9FA0-D740F32B41F2}.Debug|iPhoneSimulator.Build.0 = Debug|Any CPU
		{71B426E2-E9A6-410E-9FA0-D740F32B41F2}.Debug|x64.ActiveCfg = Debug|Any CPU
		{71B426E2-E9A6-410E-9FA0-D740F32B41F2}.Debug|x64.Build.0 = Debug|Any CPU
		{71B426E2-E9A6-410E-9FA0-D740F32B41F2}.Debug|x86.ActiveCfg = Debug|Any CPU
		{71B426E2-E9A6-410E-9FA0-D740F32B41F2}.Debug|x86.Build.0 = Debug|Any CPU
		{71B426E2-E9A6-410E-9FA0-D740F32B41F2}.Release|Any CPU.ActiveCfg = Release|Any CPU
		{71B426E2-E9A6-410E-9FA0-D740F32B41F2}.Release|Any CPU.Build.0 = Release|Any CPU
		{71B426E2-E9A6-410E-9FA0-D740F32B41F2}.Release|ARM.ActiveCfg = Release|Any CPU
		{71B426E2-E9A6-410E-9FA0-D740F32B41F2}.Release|ARM.Build.0 = Release|Any CPU
		{71B426E2-E9A6-410E-9FA0-D740F32B41F2}.Release|iPhone.ActiveCfg = Release|Any CPU
		{71B426E2-E9A6-410E-9FA0-D740F32B41F2}.Release|iPhone.Build.0 = Release|Any CPU
		{71B426E2-E9A6-410E-9FA0-D740F32B41F2}.Release|iPhoneSimulator.ActiveCfg = Release|Any CPU
		{71B426E2-E9A6-410E-9FA0-D740F32B41F2}.Release|iPhoneSimulator.Build.0 = Release|Any CPU
		{71B426E2-E9A6-410E-9FA0-D740F32B41F2}.Release|x64.ActiveCfg = Release|Any CPU
		{71B426E2-E9A6-410E-9FA0-D740F32B41F2}.Release|x64.Build.0 = Release|Any CPU
		{71B426E2-E9A6-410E-9FA0-D740F32B41F2}.Release|x86.ActiveCfg = Release|Any CPU
		{71B426E2-E9A6-410E-9FA0-D740F32B41F2}.Release|x86.Build.0 = Release|Any CPU
		{B37BA5E4-55CF-45BB-856C-42188FDD563F}.Ad-Hoc|Any CPU.ActiveCfg = Release|Any CPU
		{B37BA5E4-55CF-45BB-856C-42188FDD563F}.Ad-Hoc|Any CPU.Build.0 = Release|Any CPU
		{B37BA5E4-55CF-45BB-856C-42188FDD563F}.Ad-Hoc|ARM.ActiveCfg = Release|Any CPU
		{B37BA5E4-55CF-45BB-856C-42188FDD563F}.Ad-Hoc|ARM.Build.0 = Release|Any CPU
		{B37BA5E4-55CF-45BB-856C-42188FDD563F}.Ad-Hoc|iPhone.ActiveCfg = Release|Any CPU
		{B37BA5E4-55CF-45BB-856C-42188FDD563F}.Ad-Hoc|iPhone.Build.0 = Release|Any CPU
		{B37BA5E4-55CF-45BB-856C-42188FDD563F}.Ad-Hoc|iPhoneSimulator.ActiveCfg = Release|Any CPU
		{B37BA5E4-55CF-45BB-856C-42188FDD563F}.Ad-Hoc|iPhoneSimulator.Build.0 = Release|Any CPU
		{B37BA5E4-55CF-45BB-856C-42188FDD563F}.Ad-Hoc|x64.ActiveCfg = Release|Any CPU
		{B37BA5E4-55CF-45BB-856C-42188FDD563F}.Ad-Hoc|x64.Build.0 = Release|Any CPU
		{B37BA5E4-55CF-45BB-856C-42188FDD563F}.Ad-Hoc|x86.ActiveCfg = Release|Any CPU
		{B37BA5E4-55CF-45BB-856C-42188FDD563F}.Ad-Hoc|x86.Build.0 = Release|Any CPU
		{B37BA5E4-55CF-45BB-856C-42188FDD563F}.AppStore|Any CPU.ActiveCfg = Release|Any CPU
		{B37BA5E4-55CF-45BB-856C-42188FDD563F}.AppStore|Any CPU.Build.0 = Release|Any CPU
		{B37BA5E4-55CF-45BB-856C-42188FDD563F}.AppStore|ARM.ActiveCfg = Release|Any CPU
		{B37BA5E4-55CF-45BB-856C-42188FDD563F}.AppStore|ARM.Build.0 = Release|Any CPU
		{B37BA5E4-55CF-45BB-856C-42188FDD563F}.AppStore|iPhone.ActiveCfg = Release|Any CPU
		{B37BA5E4-55CF-45BB-856C-42188FDD563F}.AppStore|iPhone.Build.0 = Release|Any CPU
		{B37BA5E4-55CF-45BB-856C-42188FDD563F}.AppStore|iPhoneSimulator.ActiveCfg = Release|Any CPU
		{B37BA5E4-55CF-45BB-856C-42188FDD563F}.AppStore|iPhoneSimulator.Build.0 = Release|Any CPU
		{B37BA5E4-55CF-45BB-856C-42188FDD563F}.AppStore|x64.ActiveCfg = Release|Any CPU
		{B37BA5E4-55CF-45BB-856C-42188FDD563F}.AppStore|x64.Build.0 = Release|Any CPU
		{B37BA5E4-55CF-45BB-856C-42188FDD563F}.AppStore|x86.ActiveCfg = Release|Any CPU
		{B37BA5E4-55CF-45BB-856C-42188FDD563F}.AppStore|x86.Build.0 = Release|Any CPU
		{B37BA5E4-55CF-45BB-856C-42188FDD563F}.Debug|Any CPU.ActiveCfg = Debug|Any CPU
		{B37BA5E4-55CF-45BB-856C-42188FDD563F}.Debug|Any CPU.Build.0 = Debug|Any CPU
		{B37BA5E4-55CF-45BB-856C-42188FDD563F}.Debug|ARM.ActiveCfg = Debug|Any CPU
		{B37BA5E4-55CF-45BB-856C-42188FDD563F}.Debug|ARM.Build.0 = Debug|Any CPU
		{B37BA5E4-55CF-45BB-856C-42188FDD563F}.Debug|iPhone.ActiveCfg = Debug|Any CPU
		{B37BA5E4-55CF-45BB-856C-42188FDD563F}.Debug|iPhone.Build.0 = Debug|Any CPU
		{B37BA5E4-55CF-45BB-856C-42188FDD563F}.Debug|iPhoneSimulator.ActiveCfg = Debug|Any CPU
		{B37BA5E4-55CF-45BB-856C-42188FDD563F}.Debug|iPhoneSimulator.Build.0 = Debug|Any CPU
		{B37BA5E4-55CF-45BB-856C-42188FDD563F}.Debug|x64.ActiveCfg = Debug|Any CPU
		{B37BA5E4-55CF-45BB-856C-42188FDD563F}.Debug|x64.Build.0 = Debug|Any CPU
		{B37BA5E4-55CF-45BB-856C-42188FDD563F}.Debug|x86.ActiveCfg = Debug|Any CPU
		{B37BA5E4-55CF-45BB-856C-42188FDD563F}.Debug|x86.Build.0 = Debug|Any CPU
		{B37BA5E4-55CF-45BB-856C-42188FDD563F}.Release|Any CPU.ActiveCfg = Release|Any CPU
		{B37BA5E4-55CF-45BB-856C-42188FDD563F}.Release|Any CPU.Build.0 = Release|Any CPU
		{B37BA5E4-55CF-45BB-856C-42188FDD563F}.Release|ARM.ActiveCfg = Release|Any CPU
		{B37BA5E4-55CF-45BB-856C-42188FDD563F}.Release|ARM.Build.0 = Release|Any CPU
		{B37BA5E4-55CF-45BB-856C-42188FDD563F}.Release|iPhone.ActiveCfg = Release|Any CPU
		{B37BA5E4-55CF-45BB-856C-42188FDD563F}.Release|iPhone.Build.0 = Release|Any CPU
		{B37BA5E4-55CF-45BB-856C-42188FDD563F}.Release|iPhoneSimulator.ActiveCfg = Release|Any CPU
		{B37BA5E4-55CF-45BB-856C-42188FDD563F}.Release|iPhoneSimulator.Build.0 = Release|Any CPU
		{B37BA5E4-55CF-45BB-856C-42188FDD563F}.Release|x64.ActiveCfg = Release|Any CPU
		{B37BA5E4-55CF-45BB-856C-42188FDD563F}.Release|x64.Build.0 = Release|Any CPU
		{B37BA5E4-55CF-45BB-856C-42188FDD563F}.Release|x86.ActiveCfg = Release|Any CPU
		{B37BA5E4-55CF-45BB-856C-42188FDD563F}.Release|x86.Build.0 = Release|Any CPU
		{374E3022-3245-4DA0-8D06-FB946CBD89DB}.Ad-Hoc|Any CPU.ActiveCfg = Release|Any CPU
		{374E3022-3245-4DA0-8D06-FB946CBD89DB}.Ad-Hoc|Any CPU.Build.0 = Release|Any CPU
		{374E3022-3245-4DA0-8D06-FB946CBD89DB}.Ad-Hoc|ARM.ActiveCfg = Release|Any CPU
		{374E3022-3245-4DA0-8D06-FB946CBD89DB}.Ad-Hoc|ARM.Build.0 = Release|Any CPU
		{374E3022-3245-4DA0-8D06-FB946CBD89DB}.Ad-Hoc|iPhone.ActiveCfg = Release|Any CPU
		{374E3022-3245-4DA0-8D06-FB946CBD89DB}.Ad-Hoc|iPhone.Build.0 = Release|Any CPU
		{374E3022-3245-4DA0-8D06-FB946CBD89DB}.Ad-Hoc|iPhoneSimulator.ActiveCfg = Release|Any CPU
		{374E3022-3245-4DA0-8D06-FB946CBD89DB}.Ad-Hoc|iPhoneSimulator.Build.0 = Release|Any CPU
		{374E3022-3245-4DA0-8D06-FB946CBD89DB}.Ad-Hoc|x64.ActiveCfg = Release|Any CPU
		{374E3022-3245-4DA0-8D06-FB946CBD89DB}.Ad-Hoc|x64.Build.0 = Release|Any CPU
		{374E3022-3245-4DA0-8D06-FB946CBD89DB}.Ad-Hoc|x86.ActiveCfg = Release|Any CPU
		{374E3022-3245-4DA0-8D06-FB946CBD89DB}.Ad-Hoc|x86.Build.0 = Release|Any CPU
		{374E3022-3245-4DA0-8D06-FB946CBD89DB}.AppStore|Any CPU.ActiveCfg = Release|Any CPU
		{374E3022-3245-4DA0-8D06-FB946CBD89DB}.AppStore|Any CPU.Build.0 = Release|Any CPU
		{374E3022-3245-4DA0-8D06-FB946CBD89DB}.AppStore|ARM.ActiveCfg = Release|Any CPU
		{374E3022-3245-4DA0-8D06-FB946CBD89DB}.AppStore|ARM.Build.0 = Release|Any CPU
		{374E3022-3245-4DA0-8D06-FB946CBD89DB}.AppStore|iPhone.ActiveCfg = Release|Any CPU
		{374E3022-3245-4DA0-8D06-FB946CBD89DB}.AppStore|iPhone.Build.0 = Release|Any CPU
		{374E3022-3245-4DA0-8D06-FB946CBD89DB}.AppStore|iPhoneSimulator.ActiveCfg = Release|Any CPU
		{374E3022-3245-4DA0-8D06-FB946CBD89DB}.AppStore|iPhoneSimulator.Build.0 = Release|Any CPU
		{374E3022-3245-4DA0-8D06-FB946CBD89DB}.AppStore|x64.ActiveCfg = Release|Any CPU
		{374E3022-3245-4DA0-8D06-FB946CBD89DB}.AppStore|x64.Build.0 = Release|Any CPU
		{374E3022-3245-4DA0-8D06-FB946CBD89DB}.AppStore|x86.ActiveCfg = Release|Any CPU
		{374E3022-3245-4DA0-8D06-FB946CBD89DB}.AppStore|x86.Build.0 = Release|Any CPU
		{374E3022-3245-4DA0-8D06-FB946CBD89DB}.Debug|Any CPU.ActiveCfg = Debug|Any CPU
		{374E3022-3245-4DA0-8D06-FB946CBD89DB}.Debug|Any CPU.Build.0 = Debug|Any CPU
		{374E3022-3245-4DA0-8D06-FB946CBD89DB}.Debug|ARM.ActiveCfg = Debug|Any CPU
		{374E3022-3245-4DA0-8D06-FB946CBD89DB}.Debug|ARM.Build.0 = Debug|Any CPU
		{374E3022-3245-4DA0-8D06-FB946CBD89DB}.Debug|iPhone.ActiveCfg = Debug|Any CPU
		{374E3022-3245-4DA0-8D06-FB946CBD89DB}.Debug|iPhone.Build.0 = Debug|Any CPU
		{374E3022-3245-4DA0-8D06-FB946CBD89DB}.Debug|iPhoneSimulator.ActiveCfg = Debug|Any CPU
		{374E3022-3245-4DA0-8D06-FB946CBD89DB}.Debug|iPhoneSimulator.Build.0 = Debug|Any CPU
		{374E3022-3245-4DA0-8D06-FB946CBD89DB}.Debug|x64.ActiveCfg = Debug|Any CPU
		{374E3022-3245-4DA0-8D06-FB946CBD89DB}.Debug|x64.Build.0 = Debug|Any CPU
		{374E3022-3245-4DA0-8D06-FB946CBD89DB}.Debug|x86.ActiveCfg = Debug|Any CPU
		{374E3022-3245-4DA0-8D06-FB946CBD89DB}.Debug|x86.Build.0 = Debug|Any CPU
		{374E3022-3245-4DA0-8D06-FB946CBD89DB}.Release|Any CPU.ActiveCfg = Release|Any CPU
		{374E3022-3245-4DA0-8D06-FB946CBD89DB}.Release|Any CPU.Build.0 = Release|Any CPU
		{374E3022-3245-4DA0-8D06-FB946CBD89DB}.Release|ARM.ActiveCfg = Release|Any CPU
		{374E3022-3245-4DA0-8D06-FB946CBD89DB}.Release|ARM.Build.0 = Release|Any CPU
		{374E3022-3245-4DA0-8D06-FB946CBD89DB}.Release|iPhone.ActiveCfg = Release|Any CPU
		{374E3022-3245-4DA0-8D06-FB946CBD89DB}.Release|iPhone.Build.0 = Release|Any CPU
		{374E3022-3245-4DA0-8D06-FB946CBD89DB}.Release|iPhoneSimulator.ActiveCfg = Release|Any CPU
		{374E3022-3245-4DA0-8D06-FB946CBD89DB}.Release|iPhoneSimulator.Build.0 = Release|Any CPU
		{374E3022-3245-4DA0-8D06-FB946CBD89DB}.Release|x64.ActiveCfg = Release|Any CPU
		{374E3022-3245-4DA0-8D06-FB946CBD89DB}.Release|x64.Build.0 = Release|Any CPU
		{374E3022-3245-4DA0-8D06-FB946CBD89DB}.Release|x86.ActiveCfg = Release|Any CPU
		{374E3022-3245-4DA0-8D06-FB946CBD89DB}.Release|x86.Build.0 = Release|Any CPU
		{22E1B2D7-521F-4A64-B055-DB9D6114E7B3}.Ad-Hoc|Any CPU.ActiveCfg = Release|Any CPU
		{22E1B2D7-521F-4A64-B055-DB9D6114E7B3}.Ad-Hoc|Any CPU.Build.0 = Release|Any CPU
		{22E1B2D7-521F-4A64-B055-DB9D6114E7B3}.Ad-Hoc|ARM.ActiveCfg = Release|Any CPU
		{22E1B2D7-521F-4A64-B055-DB9D6114E7B3}.Ad-Hoc|ARM.Build.0 = Release|Any CPU
		{22E1B2D7-521F-4A64-B055-DB9D6114E7B3}.Ad-Hoc|iPhone.ActiveCfg = Release|Any CPU
		{22E1B2D7-521F-4A64-B055-DB9D6114E7B3}.Ad-Hoc|iPhone.Build.0 = Release|Any CPU
		{22E1B2D7-521F-4A64-B055-DB9D6114E7B3}.Ad-Hoc|iPhoneSimulator.ActiveCfg = Release|Any CPU
		{22E1B2D7-521F-4A64-B055-DB9D6114E7B3}.Ad-Hoc|iPhoneSimulator.Build.0 = Release|Any CPU
		{22E1B2D7-521F-4A64-B055-DB9D6114E7B3}.Ad-Hoc|x64.ActiveCfg = Release|Any CPU
		{22E1B2D7-521F-4A64-B055-DB9D6114E7B3}.Ad-Hoc|x64.Build.0 = Release|Any CPU
		{22E1B2D7-521F-4A64-B055-DB9D6114E7B3}.Ad-Hoc|x86.ActiveCfg = Release|Any CPU
		{22E1B2D7-521F-4A64-B055-DB9D6114E7B3}.Ad-Hoc|x86.Build.0 = Release|Any CPU
		{22E1B2D7-521F-4A64-B055-DB9D6114E7B3}.AppStore|Any CPU.ActiveCfg = Release|Any CPU
		{22E1B2D7-521F-4A64-B055-DB9D6114E7B3}.AppStore|Any CPU.Build.0 = Release|Any CPU
		{22E1B2D7-521F-4A64-B055-DB9D6114E7B3}.AppStore|ARM.ActiveCfg = Release|Any CPU
		{22E1B2D7-521F-4A64-B055-DB9D6114E7B3}.AppStore|ARM.Build.0 = Release|Any CPU
		{22E1B2D7-521F-4A64-B055-DB9D6114E7B3}.AppStore|iPhone.ActiveCfg = Release|Any CPU
		{22E1B2D7-521F-4A64-B055-DB9D6114E7B3}.AppStore|iPhone.Build.0 = Release|Any CPU
		{22E1B2D7-521F-4A64-B055-DB9D6114E7B3}.AppStore|iPhoneSimulator.ActiveCfg = Release|Any CPU
		{22E1B2D7-521F-4A64-B055-DB9D6114E7B3}.AppStore|iPhoneSimulator.Build.0 = Release|Any CPU
		{22E1B2D7-521F-4A64-B055-DB9D6114E7B3}.AppStore|x64.ActiveCfg = Release|Any CPU
		{22E1B2D7-521F-4A64-B055-DB9D6114E7B3}.AppStore|x64.Build.0 = Release|Any CPU
		{22E1B2D7-521F-4A64-B055-DB9D6114E7B3}.AppStore|x86.ActiveCfg = Release|Any CPU
		{22E1B2D7-521F-4A64-B055-DB9D6114E7B3}.AppStore|x86.Build.0 = Release|Any CPU
		{22E1B2D7-521F-4A64-B055-DB9D6114E7B3}.Debug|Any CPU.ActiveCfg = Debug|Any CPU
		{22E1B2D7-521F-4A64-B055-DB9D6114E7B3}.Debug|Any CPU.Build.0 = Debug|Any CPU
		{22E1B2D7-521F-4A64-B055-DB9D6114E7B3}.Debug|ARM.ActiveCfg = Debug|Any CPU
		{22E1B2D7-521F-4A64-B055-DB9D6114E7B3}.Debug|ARM.Build.0 = Debug|Any CPU
		{22E1B2D7-521F-4A64-B055-DB9D6114E7B3}.Debug|iPhone.ActiveCfg = Debug|Any CPU
		{22E1B2D7-521F-4A64-B055-DB9D6114E7B3}.Debug|iPhone.Build.0 = Debug|Any CPU
		{22E1B2D7-521F-4A64-B055-DB9D6114E7B3}.Debug|iPhoneSimulator.ActiveCfg = Debug|Any CPU
		{22E1B2D7-521F-4A64-B055-DB9D6114E7B3}.Debug|iPhoneSimulator.Build.0 = Debug|Any CPU
		{22E1B2D7-521F-4A64-B055-DB9D6114E7B3}.Debug|x64.ActiveCfg = Debug|Any CPU
		{22E1B2D7-521F-4A64-B055-DB9D6114E7B3}.Debug|x64.Build.0 = Debug|Any CPU
		{22E1B2D7-521F-4A64-B055-DB9D6114E7B3}.Debug|x86.ActiveCfg = Debug|Any CPU
		{22E1B2D7-521F-4A64-B055-DB9D6114E7B3}.Debug|x86.Build.0 = Debug|Any CPU
		{22E1B2D7-521F-4A64-B055-DB9D6114E7B3}.Release|Any CPU.ActiveCfg = Release|Any CPU
		{22E1B2D7-521F-4A64-B055-DB9D6114E7B3}.Release|Any CPU.Build.0 = Release|Any CPU
		{22E1B2D7-521F-4A64-B055-DB9D6114E7B3}.Release|ARM.ActiveCfg = Release|Any CPU
		{22E1B2D7-521F-4A64-B055-DB9D6114E7B3}.Release|ARM.Build.0 = Release|Any CPU
		{22E1B2D7-521F-4A64-B055-DB9D6114E7B3}.Release|iPhone.ActiveCfg = Release|Any CPU
		{22E1B2D7-521F-4A64-B055-DB9D6114E7B3}.Release|iPhone.Build.0 = Release|Any CPU
		{22E1B2D7-521F-4A64-B055-DB9D6114E7B3}.Release|iPhoneSimulator.ActiveCfg = Release|Any CPU
		{22E1B2D7-521F-4A64-B055-DB9D6114E7B3}.Release|iPhoneSimulator.Build.0 = Release|Any CPU
		{22E1B2D7-521F-4A64-B055-DB9D6114E7B3}.Release|x64.ActiveCfg = Release|Any CPU
		{22E1B2D7-521F-4A64-B055-DB9D6114E7B3}.Release|x64.Build.0 = Release|Any CPU
		{22E1B2D7-521F-4A64-B055-DB9D6114E7B3}.Release|x86.ActiveCfg = Release|Any CPU
		{22E1B2D7-521F-4A64-B055-DB9D6114E7B3}.Release|x86.Build.0 = Release|Any CPU
		{C896ED43-64A7-463C-A7B2-FB216555549C}.Ad-Hoc|Any CPU.ActiveCfg = Release|Any CPU
		{C896ED43-64A7-463C-A7B2-FB216555549C}.Ad-Hoc|Any CPU.Build.0 = Release|Any CPU
		{C896ED43-64A7-463C-A7B2-FB216555549C}.Ad-Hoc|ARM.ActiveCfg = Release|Any CPU
		{C896ED43-64A7-463C-A7B2-FB216555549C}.Ad-Hoc|ARM.Build.0 = Release|Any CPU
		{C896ED43-64A7-463C-A7B2-FB216555549C}.Ad-Hoc|iPhone.ActiveCfg = Release|Any CPU
		{C896ED43-64A7-463C-A7B2-FB216555549C}.Ad-Hoc|iPhone.Build.0 = Release|Any CPU
		{C896ED43-64A7-463C-A7B2-FB216555549C}.Ad-Hoc|iPhoneSimulator.ActiveCfg = Release|Any CPU
		{C896ED43-64A7-463C-A7B2-FB216555549C}.Ad-Hoc|iPhoneSimulator.Build.0 = Release|Any CPU
		{C896ED43-64A7-463C-A7B2-FB216555549C}.Ad-Hoc|x64.ActiveCfg = Release|Any CPU
		{C896ED43-64A7-463C-A7B2-FB216555549C}.Ad-Hoc|x64.Build.0 = Release|Any CPU
		{C896ED43-64A7-463C-A7B2-FB216555549C}.Ad-Hoc|x86.ActiveCfg = Release|Any CPU
		{C896ED43-64A7-463C-A7B2-FB216555549C}.Ad-Hoc|x86.Build.0 = Release|Any CPU
		{C896ED43-64A7-463C-A7B2-FB216555549C}.AppStore|Any CPU.ActiveCfg = Release|Any CPU
		{C896ED43-64A7-463C-A7B2-FB216555549C}.AppStore|Any CPU.Build.0 = Release|Any CPU
		{C896ED43-64A7-463C-A7B2-FB216555549C}.AppStore|ARM.ActiveCfg = Release|Any CPU
		{C896ED43-64A7-463C-A7B2-FB216555549C}.AppStore|ARM.Build.0 = Release|Any CPU
		{C896ED43-64A7-463C-A7B2-FB216555549C}.AppStore|iPhone.ActiveCfg = Release|Any CPU
		{C896ED43-64A7-463C-A7B2-FB216555549C}.AppStore|iPhone.Build.0 = Release|Any CPU
		{C896ED43-64A7-463C-A7B2-FB216555549C}.AppStore|iPhoneSimulator.ActiveCfg = Release|Any CPU
		{C896ED43-64A7-463C-A7B2-FB216555549C}.AppStore|iPhoneSimulator.Build.0 = Release|Any CPU
		{C896ED43-64A7-463C-A7B2-FB216555549C}.AppStore|x64.ActiveCfg = Release|Any CPU
		{C896ED43-64A7-463C-A7B2-FB216555549C}.AppStore|x64.Build.0 = Release|Any CPU
		{C896ED43-64A7-463C-A7B2-FB216555549C}.AppStore|x86.ActiveCfg = Release|Any CPU
		{C896ED43-64A7-463C-A7B2-FB216555549C}.AppStore|x86.Build.0 = Release|Any CPU
		{C896ED43-64A7-463C-A7B2-FB216555549C}.Debug|Any CPU.ActiveCfg = Debug|Any CPU
		{C896ED43-64A7-463C-A7B2-FB216555549C}.Debug|Any CPU.Build.0 = Debug|Any CPU
		{C896ED43-64A7-463C-A7B2-FB216555549C}.Debug|ARM.ActiveCfg = Debug|Any CPU
		{C896ED43-64A7-463C-A7B2-FB216555549C}.Debug|ARM.Build.0 = Debug|Any CPU
		{C896ED43-64A7-463C-A7B2-FB216555549C}.Debug|iPhone.ActiveCfg = Debug|Any CPU
		{C896ED43-64A7-463C-A7B2-FB216555549C}.Debug|iPhone.Build.0 = Debug|Any CPU
		{C896ED43-64A7-463C-A7B2-FB216555549C}.Debug|iPhoneSimulator.ActiveCfg = Debug|Any CPU
		{C896ED43-64A7-463C-A7B2-FB216555549C}.Debug|iPhoneSimulator.Build.0 = Debug|Any CPU
		{C896ED43-64A7-463C-A7B2-FB216555549C}.Debug|x64.ActiveCfg = Debug|Any CPU
		{C896ED43-64A7-463C-A7B2-FB216555549C}.Debug|x64.Build.0 = Debug|Any CPU
		{C896ED43-64A7-463C-A7B2-FB216555549C}.Debug|x86.ActiveCfg = Debug|Any CPU
		{C896ED43-64A7-463C-A7B2-FB216555549C}.Debug|x86.Build.0 = Debug|Any CPU
		{C896ED43-64A7-463C-A7B2-FB216555549C}.Release|Any CPU.ActiveCfg = Release|Any CPU
		{C896ED43-64A7-463C-A7B2-FB216555549C}.Release|Any CPU.Build.0 = Release|Any CPU
		{C896ED43-64A7-463C-A7B2-FB216555549C}.Release|ARM.ActiveCfg = Release|Any CPU
		{C896ED43-64A7-463C-A7B2-FB216555549C}.Release|ARM.Build.0 = Release|Any CPU
		{C896ED43-64A7-463C-A7B2-FB216555549C}.Release|iPhone.ActiveCfg = Release|Any CPU
		{C896ED43-64A7-463C-A7B2-FB216555549C}.Release|iPhone.Build.0 = Release|Any CPU
		{C896ED43-64A7-463C-A7B2-FB216555549C}.Release|iPhoneSimulator.ActiveCfg = Release|Any CPU
		{C896ED43-64A7-463C-A7B2-FB216555549C}.Release|iPhoneSimulator.Build.0 = Release|Any CPU
		{C896ED43-64A7-463C-A7B2-FB216555549C}.Release|x64.ActiveCfg = Release|Any CPU
		{C896ED43-64A7-463C-A7B2-FB216555549C}.Release|x64.Build.0 = Release|Any CPU
		{C896ED43-64A7-463C-A7B2-FB216555549C}.Release|x86.ActiveCfg = Release|Any CPU
		{C896ED43-64A7-463C-A7B2-FB216555549C}.Release|x86.Build.0 = Release|Any CPU
		{D60E948D-A5DB-4A75-9F31-0C874E3833B3}.Ad-Hoc|Any CPU.ActiveCfg = Release|Any CPU
		{D60E948D-A5DB-4A75-9F31-0C874E3833B3}.Ad-Hoc|Any CPU.Build.0 = Release|Any CPU
		{D60E948D-A5DB-4A75-9F31-0C874E3833B3}.Ad-Hoc|ARM.ActiveCfg = Release|Any CPU
		{D60E948D-A5DB-4A75-9F31-0C874E3833B3}.Ad-Hoc|ARM.Build.0 = Release|Any CPU
		{D60E948D-A5DB-4A75-9F31-0C874E3833B3}.Ad-Hoc|iPhone.ActiveCfg = Release|Any CPU
		{D60E948D-A5DB-4A75-9F31-0C874E3833B3}.Ad-Hoc|iPhone.Build.0 = Release|Any CPU
		{D60E948D-A5DB-4A75-9F31-0C874E3833B3}.Ad-Hoc|iPhoneSimulator.ActiveCfg = Release|Any CPU
		{D60E948D-A5DB-4A75-9F31-0C874E3833B3}.Ad-Hoc|iPhoneSimulator.Build.0 = Release|Any CPU
		{D60E948D-A5DB-4A75-9F31-0C874E3833B3}.Ad-Hoc|x64.ActiveCfg = Release|Any CPU
		{D60E948D-A5DB-4A75-9F31-0C874E3833B3}.Ad-Hoc|x64.Build.0 = Release|Any CPU
		{D60E948D-A5DB-4A75-9F31-0C874E3833B3}.Ad-Hoc|x86.ActiveCfg = Release|Any CPU
		{D60E948D-A5DB-4A75-9F31-0C874E3833B3}.Ad-Hoc|x86.Build.0 = Release|Any CPU
		{D60E948D-A5DB-4A75-9F31-0C874E3833B3}.AppStore|Any CPU.ActiveCfg = Release|Any CPU
		{D60E948D-A5DB-4A75-9F31-0C874E3833B3}.AppStore|Any CPU.Build.0 = Release|Any CPU
		{D60E948D-A5DB-4A75-9F31-0C874E3833B3}.AppStore|ARM.ActiveCfg = Release|Any CPU
		{D60E948D-A5DB-4A75-9F31-0C874E3833B3}.AppStore|ARM.Build.0 = Release|Any CPU
		{D60E948D-A5DB-4A75-9F31-0C874E3833B3}.AppStore|iPhone.ActiveCfg = Release|Any CPU
		{D60E948D-A5DB-4A75-9F31-0C874E3833B3}.AppStore|iPhone.Build.0 = Release|Any CPU
		{D60E948D-A5DB-4A75-9F31-0C874E3833B3}.AppStore|iPhoneSimulator.ActiveCfg = Release|Any CPU
		{D60E948D-A5DB-4A75-9F31-0C874E3833B3}.AppStore|iPhoneSimulator.Build.0 = Release|Any CPU
		{D60E948D-A5DB-4A75-9F31-0C874E3833B3}.AppStore|x64.ActiveCfg = Release|Any CPU
		{D60E948D-A5DB-4A75-9F31-0C874E3833B3}.AppStore|x64.Build.0 = Release|Any CPU
		{D60E948D-A5DB-4A75-9F31-0C874E3833B3}.AppStore|x86.ActiveCfg = Release|Any CPU
		{D60E948D-A5DB-4A75-9F31-0C874E3833B3}.AppStore|x86.Build.0 = Release|Any CPU
		{D60E948D-A5DB-4A75-9F31-0C874E3833B3}.Debug|Any CPU.ActiveCfg = Debug|Any CPU
		{D60E948D-A5DB-4A75-9F31-0C874E3833B3}.Debug|Any CPU.Build.0 = Debug|Any CPU
		{D60E948D-A5DB-4A75-9F31-0C874E3833B3}.Debug|ARM.ActiveCfg = Debug|Any CPU
		{D60E948D-A5DB-4A75-9F31-0C874E3833B3}.Debug|ARM.Build.0 = Debug|Any CPU
		{D60E948D-A5DB-4A75-9F31-0C874E3833B3}.Debug|iPhone.ActiveCfg = Debug|Any CPU
		{D60E948D-A5DB-4A75-9F31-0C874E3833B3}.Debug|iPhone.Build.0 = Debug|Any CPU
		{D60E948D-A5DB-4A75-9F31-0C874E3833B3}.Debug|iPhoneSimulator.ActiveCfg = Debug|Any CPU
		{D60E948D-A5DB-4A75-9F31-0C874E3833B3}.Debug|iPhoneSimulator.Build.0 = Debug|Any CPU
		{D60E948D-A5DB-4A75-9F31-0C874E3833B3}.Debug|x64.ActiveCfg = Debug|Any CPU
		{D60E948D-A5DB-4A75-9F31-0C874E3833B3}.Debug|x64.Build.0 = Debug|Any CPU
		{D60E948D-A5DB-4A75-9F31-0C874E3833B3}.Debug|x86.ActiveCfg = Debug|Any CPU
		{D60E948D-A5DB-4A75-9F31-0C874E3833B3}.Debug|x86.Build.0 = Debug|Any CPU
		{D60E948D-A5DB-4A75-9F31-0C874E3833B3}.Release|Any CPU.ActiveCfg = Release|Any CPU
		{D60E948D-A5DB-4A75-9F31-0C874E3833B3}.Release|Any CPU.Build.0 = Release|Any CPU
		{D60E948D-A5DB-4A75-9F31-0C874E3833B3}.Release|ARM.ActiveCfg = Release|Any CPU
		{D60E948D-A5DB-4A75-9F31-0C874E3833B3}.Release|ARM.Build.0 = Release|Any CPU
		{D60E948D-A5DB-4A75-9F31-0C874E3833B3}.Release|iPhone.ActiveCfg = Release|Any CPU
		{D60E948D-A5DB-4A75-9F31-0C874E3833B3}.Release|iPhone.Build.0 = Release|Any CPU
		{D60E948D-A5DB-4A75-9F31-0C874E3833B3}.Release|iPhoneSimulator.ActiveCfg = Release|Any CPU
		{D60E948D-A5DB-4A75-9F31-0C874E3833B3}.Release|iPhoneSimulator.Build.0 = Release|Any CPU
		{D60E948D-A5DB-4A75-9F31-0C874E3833B3}.Release|x64.ActiveCfg = Release|Any CPU
		{D60E948D-A5DB-4A75-9F31-0C874E3833B3}.Release|x64.Build.0 = Release|Any CPU
		{D60E948D-A5DB-4A75-9F31-0C874E3833B3}.Release|x86.ActiveCfg = Release|Any CPU
		{D60E948D-A5DB-4A75-9F31-0C874E3833B3}.Release|x86.Build.0 = Release|Any CPU
		{6BD2F05C-197A-416E-97A4-EBFCA8C8010C}.Ad-Hoc|Any CPU.ActiveCfg = Release|x64
		{6BD2F05C-197A-416E-97A4-EBFCA8C8010C}.Ad-Hoc|Any CPU.Build.0 = Release|x64
		{6BD2F05C-197A-416E-97A4-EBFCA8C8010C}.Ad-Hoc|Any CPU.Deploy.0 = Release|x64
		{6BD2F05C-197A-416E-97A4-EBFCA8C8010C}.Ad-Hoc|ARM.ActiveCfg = Release|ARM
		{6BD2F05C-197A-416E-97A4-EBFCA8C8010C}.Ad-Hoc|ARM.Build.0 = Release|ARM
		{6BD2F05C-197A-416E-97A4-EBFCA8C8010C}.Ad-Hoc|ARM.Deploy.0 = Release|ARM
		{6BD2F05C-197A-416E-97A4-EBFCA8C8010C}.Ad-Hoc|iPhone.ActiveCfg = Release|x64
		{6BD2F05C-197A-416E-97A4-EBFCA8C8010C}.Ad-Hoc|iPhone.Build.0 = Release|x64
		{6BD2F05C-197A-416E-97A4-EBFCA8C8010C}.Ad-Hoc|iPhone.Deploy.0 = Release|x64
		{6BD2F05C-197A-416E-97A4-EBFCA8C8010C}.Ad-Hoc|iPhoneSimulator.ActiveCfg = Release|x64
		{6BD2F05C-197A-416E-97A4-EBFCA8C8010C}.Ad-Hoc|iPhoneSimulator.Build.0 = Release|x64
		{6BD2F05C-197A-416E-97A4-EBFCA8C8010C}.Ad-Hoc|iPhoneSimulator.Deploy.0 = Release|x64
		{6BD2F05C-197A-416E-97A4-EBFCA8C8010C}.Ad-Hoc|x64.ActiveCfg = Release|x64
		{6BD2F05C-197A-416E-97A4-EBFCA8C8010C}.Ad-Hoc|x64.Build.0 = Release|x64
		{6BD2F05C-197A-416E-97A4-EBFCA8C8010C}.Ad-Hoc|x64.Deploy.0 = Release|x64
		{6BD2F05C-197A-416E-97A4-EBFCA8C8010C}.Ad-Hoc|x86.ActiveCfg = Release|x86
		{6BD2F05C-197A-416E-97A4-EBFCA8C8010C}.Ad-Hoc|x86.Build.0 = Release|x86
		{6BD2F05C-197A-416E-97A4-EBFCA8C8010C}.Ad-Hoc|x86.Deploy.0 = Release|x86
		{6BD2F05C-197A-416E-97A4-EBFCA8C8010C}.AppStore|Any CPU.ActiveCfg = Release|x64
		{6BD2F05C-197A-416E-97A4-EBFCA8C8010C}.AppStore|Any CPU.Build.0 = Release|x64
		{6BD2F05C-197A-416E-97A4-EBFCA8C8010C}.AppStore|Any CPU.Deploy.0 = Release|x64
		{6BD2F05C-197A-416E-97A4-EBFCA8C8010C}.AppStore|ARM.ActiveCfg = Release|ARM
		{6BD2F05C-197A-416E-97A4-EBFCA8C8010C}.AppStore|ARM.Build.0 = Release|ARM
		{6BD2F05C-197A-416E-97A4-EBFCA8C8010C}.AppStore|ARM.Deploy.0 = Release|ARM
		{6BD2F05C-197A-416E-97A4-EBFCA8C8010C}.AppStore|iPhone.ActiveCfg = Release|x64
		{6BD2F05C-197A-416E-97A4-EBFCA8C8010C}.AppStore|iPhone.Build.0 = Release|x64
		{6BD2F05C-197A-416E-97A4-EBFCA8C8010C}.AppStore|iPhone.Deploy.0 = Release|x64
		{6BD2F05C-197A-416E-97A4-EBFCA8C8010C}.AppStore|iPhoneSimulator.ActiveCfg = Release|x64
		{6BD2F05C-197A-416E-97A4-EBFCA8C8010C}.AppStore|iPhoneSimulator.Build.0 = Release|x64
		{6BD2F05C-197A-416E-97A4-EBFCA8C8010C}.AppStore|iPhoneSimulator.Deploy.0 = Release|x64
		{6BD2F05C-197A-416E-97A4-EBFCA8C8010C}.AppStore|x64.ActiveCfg = Release|x64
		{6BD2F05C-197A-416E-97A4-EBFCA8C8010C}.AppStore|x64.Build.0 = Release|x64
		{6BD2F05C-197A-416E-97A4-EBFCA8C8010C}.AppStore|x64.Deploy.0 = Release|x64
		{6BD2F05C-197A-416E-97A4-EBFCA8C8010C}.AppStore|x86.ActiveCfg = Release|x86
		{6BD2F05C-197A-416E-97A4-EBFCA8C8010C}.AppStore|x86.Build.0 = Release|x86
		{6BD2F05C-197A-416E-97A4-EBFCA8C8010C}.AppStore|x86.Deploy.0 = Release|x86
		{6BD2F05C-197A-416E-97A4-EBFCA8C8010C}.Debug|Any CPU.ActiveCfg = Debug|x86
		{6BD2F05C-197A-416E-97A4-EBFCA8C8010C}.Debug|Any CPU.Build.0 = Debug|x86
		{6BD2F05C-197A-416E-97A4-EBFCA8C8010C}.Debug|Any CPU.Deploy.0 = Debug|x86
		{6BD2F05C-197A-416E-97A4-EBFCA8C8010C}.Debug|ARM.ActiveCfg = Debug|ARM
		{6BD2F05C-197A-416E-97A4-EBFCA8C8010C}.Debug|ARM.Build.0 = Debug|ARM
		{6BD2F05C-197A-416E-97A4-EBFCA8C8010C}.Debug|ARM.Deploy.0 = Debug|ARM
		{6BD2F05C-197A-416E-97A4-EBFCA8C8010C}.Debug|iPhone.ActiveCfg = Debug|x86
		{6BD2F05C-197A-416E-97A4-EBFCA8C8010C}.Debug|iPhoneSimulator.ActiveCfg = Debug|x86
		{6BD2F05C-197A-416E-97A4-EBFCA8C8010C}.Debug|x64.ActiveCfg = Debug|x64
		{6BD2F05C-197A-416E-97A4-EBFCA8C8010C}.Debug|x64.Build.0 = Debug|x64
		{6BD2F05C-197A-416E-97A4-EBFCA8C8010C}.Debug|x64.Deploy.0 = Debug|x64
		{6BD2F05C-197A-416E-97A4-EBFCA8C8010C}.Debug|x86.ActiveCfg = Debug|x86
		{6BD2F05C-197A-416E-97A4-EBFCA8C8010C}.Debug|x86.Build.0 = Debug|x86
		{6BD2F05C-197A-416E-97A4-EBFCA8C8010C}.Debug|x86.Deploy.0 = Debug|x86
		{6BD2F05C-197A-416E-97A4-EBFCA8C8010C}.Release|Any CPU.ActiveCfg = Release|x86
		{6BD2F05C-197A-416E-97A4-EBFCA8C8010C}.Release|ARM.ActiveCfg = Release|ARM
		{6BD2F05C-197A-416E-97A4-EBFCA8C8010C}.Release|ARM.Build.0 = Release|ARM
		{6BD2F05C-197A-416E-97A4-EBFCA8C8010C}.Release|ARM.Deploy.0 = Release|ARM
		{6BD2F05C-197A-416E-97A4-EBFCA8C8010C}.Release|iPhone.ActiveCfg = Release|x86
		{6BD2F05C-197A-416E-97A4-EBFCA8C8010C}.Release|iPhoneSimulator.ActiveCfg = Release|x86
		{6BD2F05C-197A-416E-97A4-EBFCA8C8010C}.Release|x64.ActiveCfg = Release|x64
		{6BD2F05C-197A-416E-97A4-EBFCA8C8010C}.Release|x64.Build.0 = Release|x64
		{6BD2F05C-197A-416E-97A4-EBFCA8C8010C}.Release|x64.Deploy.0 = Release|x64
		{6BD2F05C-197A-416E-97A4-EBFCA8C8010C}.Release|x86.ActiveCfg = Release|x86
		{6BD2F05C-197A-416E-97A4-EBFCA8C8010C}.Release|x86.Build.0 = Release|x86
		{6BD2F05C-197A-416E-97A4-EBFCA8C8010C}.Release|x86.Deploy.0 = Release|x86
		{7FDC282E-866F-420B-A451-F3D5E598A722}.Ad-Hoc|Any CPU.ActiveCfg = Release|Any CPU
		{7FDC282E-866F-420B-A451-F3D5E598A722}.Ad-Hoc|Any CPU.Build.0 = Release|Any CPU
		{7FDC282E-866F-420B-A451-F3D5E598A722}.Ad-Hoc|ARM.ActiveCfg = Release|Any CPU
		{7FDC282E-866F-420B-A451-F3D5E598A722}.Ad-Hoc|ARM.Build.0 = Release|Any CPU
		{7FDC282E-866F-420B-A451-F3D5E598A722}.Ad-Hoc|iPhone.ActiveCfg = Release|Any CPU
		{7FDC282E-866F-420B-A451-F3D5E598A722}.Ad-Hoc|iPhone.Build.0 = Release|Any CPU
		{7FDC282E-866F-420B-A451-F3D5E598A722}.Ad-Hoc|iPhoneSimulator.ActiveCfg = Release|Any CPU
		{7FDC282E-866F-420B-A451-F3D5E598A722}.Ad-Hoc|iPhoneSimulator.Build.0 = Release|Any CPU
		{7FDC282E-866F-420B-A451-F3D5E598A722}.Ad-Hoc|x64.ActiveCfg = Release|Any CPU
		{7FDC282E-866F-420B-A451-F3D5E598A722}.Ad-Hoc|x64.Build.0 = Release|Any CPU
		{7FDC282E-866F-420B-A451-F3D5E598A722}.Ad-Hoc|x86.ActiveCfg = Release|Any CPU
		{7FDC282E-866F-420B-A451-F3D5E598A722}.Ad-Hoc|x86.Build.0 = Release|Any CPU
		{7FDC282E-866F-420B-A451-F3D5E598A722}.AppStore|Any CPU.ActiveCfg = Release|Any CPU
		{7FDC282E-866F-420B-A451-F3D5E598A722}.AppStore|Any CPU.Build.0 = Release|Any CPU
		{7FDC282E-866F-420B-A451-F3D5E598A722}.AppStore|ARM.ActiveCfg = Release|Any CPU
		{7FDC282E-866F-420B-A451-F3D5E598A722}.AppStore|ARM.Build.0 = Release|Any CPU
		{7FDC282E-866F-420B-A451-F3D5E598A722}.AppStore|iPhone.ActiveCfg = Release|Any CPU
		{7FDC282E-866F-420B-A451-F3D5E598A722}.AppStore|iPhone.Build.0 = Release|Any CPU
		{7FDC282E-866F-420B-A451-F3D5E598A722}.AppStore|iPhoneSimulator.ActiveCfg = Release|Any CPU
		{7FDC282E-866F-420B-A451-F3D5E598A722}.AppStore|iPhoneSimulator.Build.0 = Release|Any CPU
		{7FDC282E-866F-420B-A451-F3D5E598A722}.AppStore|x64.ActiveCfg = Release|Any CPU
		{7FDC282E-866F-420B-A451-F3D5E598A722}.AppStore|x64.Build.0 = Release|Any CPU
		{7FDC282E-866F-420B-A451-F3D5E598A722}.AppStore|x86.ActiveCfg = Release|Any CPU
		{7FDC282E-866F-420B-A451-F3D5E598A722}.AppStore|x86.Build.0 = Release|Any CPU
		{7FDC282E-866F-420B-A451-F3D5E598A722}.Debug|Any CPU.ActiveCfg = Debug|Any CPU
		{7FDC282E-866F-420B-A451-F3D5E598A722}.Debug|Any CPU.Build.0 = Debug|Any CPU
		{7FDC282E-866F-420B-A451-F3D5E598A722}.Debug|ARM.ActiveCfg = Debug|Any CPU
		{7FDC282E-866F-420B-A451-F3D5E598A722}.Debug|ARM.Build.0 = Debug|Any CPU
		{7FDC282E-866F-420B-A451-F3D5E598A722}.Debug|iPhone.ActiveCfg = Debug|Any CPU
		{7FDC282E-866F-420B-A451-F3D5E598A722}.Debug|iPhone.Build.0 = Debug|Any CPU
		{7FDC282E-866F-420B-A451-F3D5E598A722}.Debug|iPhoneSimulator.ActiveCfg = Debug|Any CPU
		{7FDC282E-866F-420B-A451-F3D5E598A722}.Debug|iPhoneSimulator.Build.0 = Debug|Any CPU
		{7FDC282E-866F-420B-A451-F3D5E598A722}.Debug|x64.ActiveCfg = Debug|Any CPU
		{7FDC282E-866F-420B-A451-F3D5E598A722}.Debug|x64.Build.0 = Debug|Any CPU
		{7FDC282E-866F-420B-A451-F3D5E598A722}.Debug|x86.ActiveCfg = Debug|Any CPU
		{7FDC282E-866F-420B-A451-F3D5E598A722}.Debug|x86.Build.0 = Debug|Any CPU
		{7FDC282E-866F-420B-A451-F3D5E598A722}.Release|Any CPU.ActiveCfg = Release|Any CPU
		{7FDC282E-866F-420B-A451-F3D5E598A722}.Release|Any CPU.Build.0 = Release|Any CPU
		{7FDC282E-866F-420B-A451-F3D5E598A722}.Release|ARM.ActiveCfg = Release|Any CPU
		{7FDC282E-866F-420B-A451-F3D5E598A722}.Release|ARM.Build.0 = Release|Any CPU
		{7FDC282E-866F-420B-A451-F3D5E598A722}.Release|iPhone.ActiveCfg = Release|Any CPU
		{7FDC282E-866F-420B-A451-F3D5E598A722}.Release|iPhone.Build.0 = Release|Any CPU
		{7FDC282E-866F-420B-A451-F3D5E598A722}.Release|iPhoneSimulator.ActiveCfg = Release|Any CPU
		{7FDC282E-866F-420B-A451-F3D5E598A722}.Release|iPhoneSimulator.Build.0 = Release|Any CPU
		{7FDC282E-866F-420B-A451-F3D5E598A722}.Release|x64.ActiveCfg = Release|Any CPU
		{7FDC282E-866F-420B-A451-F3D5E598A722}.Release|x64.Build.0 = Release|Any CPU
		{7FDC282E-866F-420B-A451-F3D5E598A722}.Release|x86.ActiveCfg = Release|Any CPU
		{7FDC282E-866F-420B-A451-F3D5E598A722}.Release|x86.Build.0 = Release|Any CPU
		{D373EB01-373F-4ACF-8EA9-431698D4FACC}.Ad-Hoc|Any CPU.ActiveCfg = Release|Any CPU
		{D373EB01-373F-4ACF-8EA9-431698D4FACC}.Ad-Hoc|Any CPU.Build.0 = Release|Any CPU
		{D373EB01-373F-4ACF-8EA9-431698D4FACC}.Ad-Hoc|ARM.ActiveCfg = Release|Any CPU
		{D373EB01-373F-4ACF-8EA9-431698D4FACC}.Ad-Hoc|ARM.Build.0 = Release|Any CPU
		{D373EB01-373F-4ACF-8EA9-431698D4FACC}.Ad-Hoc|iPhone.ActiveCfg = Release|Any CPU
		{D373EB01-373F-4ACF-8EA9-431698D4FACC}.Ad-Hoc|iPhone.Build.0 = Release|Any CPU
		{D373EB01-373F-4ACF-8EA9-431698D4FACC}.Ad-Hoc|iPhoneSimulator.ActiveCfg = Release|Any CPU
		{D373EB01-373F-4ACF-8EA9-431698D4FACC}.Ad-Hoc|iPhoneSimulator.Build.0 = Release|Any CPU
		{D373EB01-373F-4ACF-8EA9-431698D4FACC}.Ad-Hoc|x64.ActiveCfg = Release|Any CPU
		{D373EB01-373F-4ACF-8EA9-431698D4FACC}.Ad-Hoc|x64.Build.0 = Release|Any CPU
		{D373EB01-373F-4ACF-8EA9-431698D4FACC}.Ad-Hoc|x86.ActiveCfg = Release|Any CPU
		{D373EB01-373F-4ACF-8EA9-431698D4FACC}.Ad-Hoc|x86.Build.0 = Release|Any CPU
		{D373EB01-373F-4ACF-8EA9-431698D4FACC}.AppStore|Any CPU.ActiveCfg = Release|Any CPU
		{D373EB01-373F-4ACF-8EA9-431698D4FACC}.AppStore|Any CPU.Build.0 = Release|Any CPU
		{D373EB01-373F-4ACF-8EA9-431698D4FACC}.AppStore|ARM.ActiveCfg = Release|Any CPU
		{D373EB01-373F-4ACF-8EA9-431698D4FACC}.AppStore|ARM.Build.0 = Release|Any CPU
		{D373EB01-373F-4ACF-8EA9-431698D4FACC}.AppStore|iPhone.ActiveCfg = Release|Any CPU
		{D373EB01-373F-4ACF-8EA9-431698D4FACC}.AppStore|iPhone.Build.0 = Release|Any CPU
		{D373EB01-373F-4ACF-8EA9-431698D4FACC}.AppStore|iPhoneSimulator.ActiveCfg = Release|Any CPU
		{D373EB01-373F-4ACF-8EA9-431698D4FACC}.AppStore|iPhoneSimulator.Build.0 = Release|Any CPU
		{D373EB01-373F-4ACF-8EA9-431698D4FACC}.AppStore|x64.ActiveCfg = Release|Any CPU
		{D373EB01-373F-4ACF-8EA9-431698D4FACC}.AppStore|x64.Build.0 = Release|Any CPU
		{D373EB01-373F-4ACF-8EA9-431698D4FACC}.AppStore|x86.ActiveCfg = Release|Any CPU
		{D373EB01-373F-4ACF-8EA9-431698D4FACC}.AppStore|x86.Build.0 = Release|Any CPU
		{D373EB01-373F-4ACF-8EA9-431698D4FACC}.Debug|Any CPU.ActiveCfg = Debug|Any CPU
		{D373EB01-373F-4ACF-8EA9-431698D4FACC}.Debug|Any CPU.Build.0 = Debug|Any CPU
		{D373EB01-373F-4ACF-8EA9-431698D4FACC}.Debug|ARM.ActiveCfg = Debug|Any CPU
		{D373EB01-373F-4ACF-8EA9-431698D4FACC}.Debug|ARM.Build.0 = Debug|Any CPU
		{D373EB01-373F-4ACF-8EA9-431698D4FACC}.Debug|iPhone.ActiveCfg = Debug|Any CPU
		{D373EB01-373F-4ACF-8EA9-431698D4FACC}.Debug|iPhone.Build.0 = Debug|Any CPU
		{D373EB01-373F-4ACF-8EA9-431698D4FACC}.Debug|iPhoneSimulator.ActiveCfg = Debug|Any CPU
		{D373EB01-373F-4ACF-8EA9-431698D4FACC}.Debug|iPhoneSimulator.Build.0 = Debug|Any CPU
		{D373EB01-373F-4ACF-8EA9-431698D4FACC}.Debug|x64.ActiveCfg = Debug|Any CPU
		{D373EB01-373F-4ACF-8EA9-431698D4FACC}.Debug|x64.Build.0 = Debug|Any CPU
		{D373EB01-373F-4ACF-8EA9-431698D4FACC}.Debug|x86.ActiveCfg = Debug|Any CPU
		{D373EB01-373F-4ACF-8EA9-431698D4FACC}.Debug|x86.Build.0 = Debug|Any CPU
		{D373EB01-373F-4ACF-8EA9-431698D4FACC}.Release|Any CPU.ActiveCfg = Release|Any CPU
		{D373EB01-373F-4ACF-8EA9-431698D4FACC}.Release|Any CPU.Build.0 = Release|Any CPU
		{D373EB01-373F-4ACF-8EA9-431698D4FACC}.Release|ARM.ActiveCfg = Release|Any CPU
		{D373EB01-373F-4ACF-8EA9-431698D4FACC}.Release|ARM.Build.0 = Release|Any CPU
		{D373EB01-373F-4ACF-8EA9-431698D4FACC}.Release|iPhone.ActiveCfg = Release|Any CPU
		{D373EB01-373F-4ACF-8EA9-431698D4FACC}.Release|iPhone.Build.0 = Release|Any CPU
		{D373EB01-373F-4ACF-8EA9-431698D4FACC}.Release|iPhoneSimulator.ActiveCfg = Release|Any CPU
		{D373EB01-373F-4ACF-8EA9-431698D4FACC}.Release|iPhoneSimulator.Build.0 = Release|Any CPU
		{D373EB01-373F-4ACF-8EA9-431698D4FACC}.Release|x64.ActiveCfg = Release|Any CPU
		{D373EB01-373F-4ACF-8EA9-431698D4FACC}.Release|x64.Build.0 = Release|Any CPU
		{D373EB01-373F-4ACF-8EA9-431698D4FACC}.Release|x86.ActiveCfg = Release|Any CPU
		{D373EB01-373F-4ACF-8EA9-431698D4FACC}.Release|x86.Build.0 = Release|Any CPU
		{F58B0CD8-18CB-4252-AAA4-34419E80A538}.Ad-Hoc|Any CPU.ActiveCfg = Release|Any CPU
		{F58B0CD8-18CB-4252-AAA4-34419E80A538}.Ad-Hoc|Any CPU.Build.0 = Release|Any CPU
		{F58B0CD8-18CB-4252-AAA4-34419E80A538}.Ad-Hoc|ARM.ActiveCfg = Release|Any CPU
		{F58B0CD8-18CB-4252-AAA4-34419E80A538}.Ad-Hoc|ARM.Build.0 = Release|Any CPU
		{F58B0CD8-18CB-4252-AAA4-34419E80A538}.Ad-Hoc|iPhone.ActiveCfg = Release|Any CPU
		{F58B0CD8-18CB-4252-AAA4-34419E80A538}.Ad-Hoc|iPhone.Build.0 = Release|Any CPU
		{F58B0CD8-18CB-4252-AAA4-34419E80A538}.Ad-Hoc|iPhoneSimulator.ActiveCfg = Release|Any CPU
		{F58B0CD8-18CB-4252-AAA4-34419E80A538}.Ad-Hoc|iPhoneSimulator.Build.0 = Release|Any CPU
		{F58B0CD8-18CB-4252-AAA4-34419E80A538}.Ad-Hoc|x64.ActiveCfg = Release|Any CPU
		{F58B0CD8-18CB-4252-AAA4-34419E80A538}.Ad-Hoc|x64.Build.0 = Release|Any CPU
		{F58B0CD8-18CB-4252-AAA4-34419E80A538}.Ad-Hoc|x86.ActiveCfg = Release|Any CPU
		{F58B0CD8-18CB-4252-AAA4-34419E80A538}.Ad-Hoc|x86.Build.0 = Release|Any CPU
		{F58B0CD8-18CB-4252-AAA4-34419E80A538}.AppStore|Any CPU.ActiveCfg = Release|Any CPU
		{F58B0CD8-18CB-4252-AAA4-34419E80A538}.AppStore|Any CPU.Build.0 = Release|Any CPU
		{F58B0CD8-18CB-4252-AAA4-34419E80A538}.AppStore|ARM.ActiveCfg = Release|Any CPU
		{F58B0CD8-18CB-4252-AAA4-34419E80A538}.AppStore|ARM.Build.0 = Release|Any CPU
		{F58B0CD8-18CB-4252-AAA4-34419E80A538}.AppStore|iPhone.ActiveCfg = Release|Any CPU
		{F58B0CD8-18CB-4252-AAA4-34419E80A538}.AppStore|iPhone.Build.0 = Release|Any CPU
		{F58B0CD8-18CB-4252-AAA4-34419E80A538}.AppStore|iPhoneSimulator.ActiveCfg = Release|Any CPU
		{F58B0CD8-18CB-4252-AAA4-34419E80A538}.AppStore|iPhoneSimulator.Build.0 = Release|Any CPU
		{F58B0CD8-18CB-4252-AAA4-34419E80A538}.AppStore|x64.ActiveCfg = Release|Any CPU
		{F58B0CD8-18CB-4252-AAA4-34419E80A538}.AppStore|x64.Build.0 = Release|Any CPU
		{F58B0CD8-18CB-4252-AAA4-34419E80A538}.AppStore|x86.ActiveCfg = Release|Any CPU
		{F58B0CD8-18CB-4252-AAA4-34419E80A538}.AppStore|x86.Build.0 = Release|Any CPU
		{F58B0CD8-18CB-4252-AAA4-34419E80A538}.Debug|Any CPU.ActiveCfg = Debug|Any CPU
		{F58B0CD8-18CB-4252-AAA4-34419E80A538}.Debug|Any CPU.Build.0 = Debug|Any CPU
		{F58B0CD8-18CB-4252-AAA4-34419E80A538}.Debug|ARM.ActiveCfg = Debug|Any CPU
		{F58B0CD8-18CB-4252-AAA4-34419E80A538}.Debug|ARM.Build.0 = Debug|Any CPU
		{F58B0CD8-18CB-4252-AAA4-34419E80A538}.Debug|iPhone.ActiveCfg = Debug|Any CPU
		{F58B0CD8-18CB-4252-AAA4-34419E80A538}.Debug|iPhone.Build.0 = Debug|Any CPU
		{F58B0CD8-18CB-4252-AAA4-34419E80A538}.Debug|iPhoneSimulator.ActiveCfg = Debug|Any CPU
		{F58B0CD8-18CB-4252-AAA4-34419E80A538}.Debug|iPhoneSimulator.Build.0 = Debug|Any CPU
		{F58B0CD8-18CB-4252-AAA4-34419E80A538}.Debug|x64.ActiveCfg = Debug|Any CPU
		{F58B0CD8-18CB-4252-AAA4-34419E80A538}.Debug|x64.Build.0 = Debug|Any CPU
		{F58B0CD8-18CB-4252-AAA4-34419E80A538}.Debug|x86.ActiveCfg = Debug|Any CPU
		{F58B0CD8-18CB-4252-AAA4-34419E80A538}.Debug|x86.Build.0 = Debug|Any CPU
		{F58B0CD8-18CB-4252-AAA4-34419E80A538}.Release|Any CPU.ActiveCfg = Release|Any CPU
		{F58B0CD8-18CB-4252-AAA4-34419E80A538}.Release|Any CPU.Build.0 = Release|Any CPU
		{F58B0CD8-18CB-4252-AAA4-34419E80A538}.Release|ARM.ActiveCfg = Release|Any CPU
		{F58B0CD8-18CB-4252-AAA4-34419E80A538}.Release|ARM.Build.0 = Release|Any CPU
		{F58B0CD8-18CB-4252-AAA4-34419E80A538}.Release|iPhone.ActiveCfg = Release|Any CPU
		{F58B0CD8-18CB-4252-AAA4-34419E80A538}.Release|iPhone.Build.0 = Release|Any CPU
		{F58B0CD8-18CB-4252-AAA4-34419E80A538}.Release|iPhoneSimulator.ActiveCfg = Release|Any CPU
		{F58B0CD8-18CB-4252-AAA4-34419E80A538}.Release|iPhoneSimulator.Build.0 = Release|Any CPU
		{F58B0CD8-18CB-4252-AAA4-34419E80A538}.Release|x64.ActiveCfg = Release|Any CPU
		{F58B0CD8-18CB-4252-AAA4-34419E80A538}.Release|x64.Build.0 = Release|Any CPU
		{F58B0CD8-18CB-4252-AAA4-34419E80A538}.Release|x86.ActiveCfg = Release|Any CPU
		{F58B0CD8-18CB-4252-AAA4-34419E80A538}.Release|x86.Build.0 = Release|Any CPU
		{E23A3E73-19AE-4ADD-BFB3-627F4AE9D0AE}.Ad-Hoc|Any CPU.ActiveCfg = Release|Any CPU
		{E23A3E73-19AE-4ADD-BFB3-627F4AE9D0AE}.Ad-Hoc|Any CPU.Build.0 = Release|Any CPU
		{E23A3E73-19AE-4ADD-BFB3-627F4AE9D0AE}.Ad-Hoc|ARM.ActiveCfg = Release|Any CPU
		{E23A3E73-19AE-4ADD-BFB3-627F4AE9D0AE}.Ad-Hoc|ARM.Build.0 = Release|Any CPU
		{E23A3E73-19AE-4ADD-BFB3-627F4AE9D0AE}.Ad-Hoc|iPhone.ActiveCfg = Release|Any CPU
		{E23A3E73-19AE-4ADD-BFB3-627F4AE9D0AE}.Ad-Hoc|iPhone.Build.0 = Release|Any CPU
		{E23A3E73-19AE-4ADD-BFB3-627F4AE9D0AE}.Ad-Hoc|iPhoneSimulator.ActiveCfg = Release|Any CPU
		{E23A3E73-19AE-4ADD-BFB3-627F4AE9D0AE}.Ad-Hoc|iPhoneSimulator.Build.0 = Release|Any CPU
		{E23A3E73-19AE-4ADD-BFB3-627F4AE9D0AE}.Ad-Hoc|x64.ActiveCfg = Release|Any CPU
		{E23A3E73-19AE-4ADD-BFB3-627F4AE9D0AE}.Ad-Hoc|x64.Build.0 = Release|Any CPU
		{E23A3E73-19AE-4ADD-BFB3-627F4AE9D0AE}.Ad-Hoc|x86.ActiveCfg = Release|Any CPU
		{E23A3E73-19AE-4ADD-BFB3-627F4AE9D0AE}.Ad-Hoc|x86.Build.0 = Release|Any CPU
		{E23A3E73-19AE-4ADD-BFB3-627F4AE9D0AE}.AppStore|Any CPU.ActiveCfg = Release|Any CPU
		{E23A3E73-19AE-4ADD-BFB3-627F4AE9D0AE}.AppStore|Any CPU.Build.0 = Release|Any CPU
		{E23A3E73-19AE-4ADD-BFB3-627F4AE9D0AE}.AppStore|ARM.ActiveCfg = Release|Any CPU
		{E23A3E73-19AE-4ADD-BFB3-627F4AE9D0AE}.AppStore|ARM.Build.0 = Release|Any CPU
		{E23A3E73-19AE-4ADD-BFB3-627F4AE9D0AE}.AppStore|iPhone.ActiveCfg = Release|Any CPU
		{E23A3E73-19AE-4ADD-BFB3-627F4AE9D0AE}.AppStore|iPhone.Build.0 = Release|Any CPU
		{E23A3E73-19AE-4ADD-BFB3-627F4AE9D0AE}.AppStore|iPhoneSimulator.ActiveCfg = Release|Any CPU
		{E23A3E73-19AE-4ADD-BFB3-627F4AE9D0AE}.AppStore|iPhoneSimulator.Build.0 = Release|Any CPU
		{E23A3E73-19AE-4ADD-BFB3-627F4AE9D0AE}.AppStore|x64.ActiveCfg = Release|Any CPU
		{E23A3E73-19AE-4ADD-BFB3-627F4AE9D0AE}.AppStore|x64.Build.0 = Release|Any CPU
		{E23A3E73-19AE-4ADD-BFB3-627F4AE9D0AE}.AppStore|x86.ActiveCfg = Release|Any CPU
		{E23A3E73-19AE-4ADD-BFB3-627F4AE9D0AE}.AppStore|x86.Build.0 = Release|Any CPU
		{E23A3E73-19AE-4ADD-BFB3-627F4AE9D0AE}.Debug|Any CPU.ActiveCfg = Debug|Any CPU
		{E23A3E73-19AE-4ADD-BFB3-627F4AE9D0AE}.Debug|Any CPU.Build.0 = Debug|Any CPU
		{E23A3E73-19AE-4ADD-BFB3-627F4AE9D0AE}.Debug|ARM.ActiveCfg = Debug|Any CPU
		{E23A3E73-19AE-4ADD-BFB3-627F4AE9D0AE}.Debug|ARM.Build.0 = Debug|Any CPU
		{E23A3E73-19AE-4ADD-BFB3-627F4AE9D0AE}.Debug|iPhone.ActiveCfg = Debug|Any CPU
		{E23A3E73-19AE-4ADD-BFB3-627F4AE9D0AE}.Debug|iPhone.Build.0 = Debug|Any CPU
		{E23A3E73-19AE-4ADD-BFB3-627F4AE9D0AE}.Debug|iPhoneSimulator.ActiveCfg = Debug|Any CPU
		{E23A3E73-19AE-4ADD-BFB3-627F4AE9D0AE}.Debug|iPhoneSimulator.Build.0 = Debug|Any CPU
		{E23A3E73-19AE-4ADD-BFB3-627F4AE9D0AE}.Debug|x64.ActiveCfg = Debug|Any CPU
		{E23A3E73-19AE-4ADD-BFB3-627F4AE9D0AE}.Debug|x64.Build.0 = Debug|Any CPU
		{E23A3E73-19AE-4ADD-BFB3-627F4AE9D0AE}.Debug|x86.ActiveCfg = Debug|Any CPU
		{E23A3E73-19AE-4ADD-BFB3-627F4AE9D0AE}.Debug|x86.Build.0 = Debug|Any CPU
		{E23A3E73-19AE-4ADD-BFB3-627F4AE9D0AE}.Release|Any CPU.ActiveCfg = Release|Any CPU
		{E23A3E73-19AE-4ADD-BFB3-627F4AE9D0AE}.Release|Any CPU.Build.0 = Release|Any CPU
		{E23A3E73-19AE-4ADD-BFB3-627F4AE9D0AE}.Release|ARM.ActiveCfg = Release|Any CPU
		{E23A3E73-19AE-4ADD-BFB3-627F4AE9D0AE}.Release|ARM.Build.0 = Release|Any CPU
		{E23A3E73-19AE-4ADD-BFB3-627F4AE9D0AE}.Release|iPhone.ActiveCfg = Release|Any CPU
		{E23A3E73-19AE-4ADD-BFB3-627F4AE9D0AE}.Release|iPhone.Build.0 = Release|Any CPU
		{E23A3E73-19AE-4ADD-BFB3-627F4AE9D0AE}.Release|iPhoneSimulator.ActiveCfg = Release|Any CPU
		{E23A3E73-19AE-4ADD-BFB3-627F4AE9D0AE}.Release|iPhoneSimulator.Build.0 = Release|Any CPU
		{E23A3E73-19AE-4ADD-BFB3-627F4AE9D0AE}.Release|x64.ActiveCfg = Release|Any CPU
		{E23A3E73-19AE-4ADD-BFB3-627F4AE9D0AE}.Release|x64.Build.0 = Release|Any CPU
		{E23A3E73-19AE-4ADD-BFB3-627F4AE9D0AE}.Release|x86.ActiveCfg = Release|Any CPU
		{E23A3E73-19AE-4ADD-BFB3-627F4AE9D0AE}.Release|x86.Build.0 = Release|Any CPU
		{92F25759-9A49-448C-90E8-98BE9E9B7DDE}.Ad-Hoc|Any CPU.ActiveCfg = Release|x64
		{92F25759-9A49-448C-90E8-98BE9E9B7DDE}.Ad-Hoc|Any CPU.Build.0 = Release|x64
		{92F25759-9A49-448C-90E8-98BE9E9B7DDE}.Ad-Hoc|Any CPU.Deploy.0 = Release|x64
		{92F25759-9A49-448C-90E8-98BE9E9B7DDE}.Ad-Hoc|ARM.ActiveCfg = Release|ARM
		{92F25759-9A49-448C-90E8-98BE9E9B7DDE}.Ad-Hoc|ARM.Build.0 = Release|ARM
		{92F25759-9A49-448C-90E8-98BE9E9B7DDE}.Ad-Hoc|ARM.Deploy.0 = Release|ARM
		{92F25759-9A49-448C-90E8-98BE9E9B7DDE}.Ad-Hoc|iPhone.ActiveCfg = Release|x64
		{92F25759-9A49-448C-90E8-98BE9E9B7DDE}.Ad-Hoc|iPhone.Build.0 = Release|x64
		{92F25759-9A49-448C-90E8-98BE9E9B7DDE}.Ad-Hoc|iPhone.Deploy.0 = Release|x64
		{92F25759-9A49-448C-90E8-98BE9E9B7DDE}.Ad-Hoc|iPhoneSimulator.ActiveCfg = Release|x64
		{92F25759-9A49-448C-90E8-98BE9E9B7DDE}.Ad-Hoc|iPhoneSimulator.Build.0 = Release|x64
		{92F25759-9A49-448C-90E8-98BE9E9B7DDE}.Ad-Hoc|iPhoneSimulator.Deploy.0 = Release|x64
		{92F25759-9A49-448C-90E8-98BE9E9B7DDE}.Ad-Hoc|x64.ActiveCfg = Release|x64
		{92F25759-9A49-448C-90E8-98BE9E9B7DDE}.Ad-Hoc|x64.Build.0 = Release|x64
		{92F25759-9A49-448C-90E8-98BE9E9B7DDE}.Ad-Hoc|x64.Deploy.0 = Release|x64
		{92F25759-9A49-448C-90E8-98BE9E9B7DDE}.Ad-Hoc|x86.ActiveCfg = Release|x86
		{92F25759-9A49-448C-90E8-98BE9E9B7DDE}.Ad-Hoc|x86.Build.0 = Release|x86
		{92F25759-9A49-448C-90E8-98BE9E9B7DDE}.Ad-Hoc|x86.Deploy.0 = Release|x86
		{92F25759-9A49-448C-90E8-98BE9E9B7DDE}.AppStore|Any CPU.ActiveCfg = Release|x64
		{92F25759-9A49-448C-90E8-98BE9E9B7DDE}.AppStore|Any CPU.Build.0 = Release|x64
		{92F25759-9A49-448C-90E8-98BE9E9B7DDE}.AppStore|Any CPU.Deploy.0 = Release|x64
		{92F25759-9A49-448C-90E8-98BE9E9B7DDE}.AppStore|ARM.ActiveCfg = Release|ARM
		{92F25759-9A49-448C-90E8-98BE9E9B7DDE}.AppStore|ARM.Build.0 = Release|ARM
		{92F25759-9A49-448C-90E8-98BE9E9B7DDE}.AppStore|ARM.Deploy.0 = Release|ARM
		{92F25759-9A49-448C-90E8-98BE9E9B7DDE}.AppStore|iPhone.ActiveCfg = Release|x64
		{92F25759-9A49-448C-90E8-98BE9E9B7DDE}.AppStore|iPhone.Build.0 = Release|x64
		{92F25759-9A49-448C-90E8-98BE9E9B7DDE}.AppStore|iPhone.Deploy.0 = Release|x64
		{92F25759-9A49-448C-90E8-98BE9E9B7DDE}.AppStore|iPhoneSimulator.ActiveCfg = Release|x64
		{92F25759-9A49-448C-90E8-98BE9E9B7DDE}.AppStore|iPhoneSimulator.Build.0 = Release|x64
		{92F25759-9A49-448C-90E8-98BE9E9B7DDE}.AppStore|iPhoneSimulator.Deploy.0 = Release|x64
		{92F25759-9A49-448C-90E8-98BE9E9B7DDE}.AppStore|x64.ActiveCfg = Release|x64
		{92F25759-9A49-448C-90E8-98BE9E9B7DDE}.AppStore|x64.Build.0 = Release|x64
		{92F25759-9A49-448C-90E8-98BE9E9B7DDE}.AppStore|x64.Deploy.0 = Release|x64
		{92F25759-9A49-448C-90E8-98BE9E9B7DDE}.AppStore|x86.ActiveCfg = Release|x86
		{92F25759-9A49-448C-90E8-98BE9E9B7DDE}.AppStore|x86.Build.0 = Release|x86
		{92F25759-9A49-448C-90E8-98BE9E9B7DDE}.AppStore|x86.Deploy.0 = Release|x86
		{92F25759-9A49-448C-90E8-98BE9E9B7DDE}.Debug|Any CPU.ActiveCfg = Debug|x86
		{92F25759-9A49-448C-90E8-98BE9E9B7DDE}.Debug|Any CPU.Build.0 = Debug|x86
		{92F25759-9A49-448C-90E8-98BE9E9B7DDE}.Debug|Any CPU.Deploy.0 = Debug|x86
		{92F25759-9A49-448C-90E8-98BE9E9B7DDE}.Debug|ARM.ActiveCfg = Debug|ARM
		{92F25759-9A49-448C-90E8-98BE9E9B7DDE}.Debug|ARM.Build.0 = Debug|ARM
		{92F25759-9A49-448C-90E8-98BE9E9B7DDE}.Debug|ARM.Deploy.0 = Debug|ARM
		{92F25759-9A49-448C-90E8-98BE9E9B7DDE}.Debug|iPhone.ActiveCfg = Debug|x86
		{92F25759-9A49-448C-90E8-98BE9E9B7DDE}.Debug|iPhoneSimulator.ActiveCfg = Debug|x86
		{92F25759-9A49-448C-90E8-98BE9E9B7DDE}.Debug|x64.ActiveCfg = Debug|x64
		{92F25759-9A49-448C-90E8-98BE9E9B7DDE}.Debug|x64.Build.0 = Debug|x64
		{92F25759-9A49-448C-90E8-98BE9E9B7DDE}.Debug|x64.Deploy.0 = Debug|x64
		{92F25759-9A49-448C-90E8-98BE9E9B7DDE}.Debug|x86.ActiveCfg = Debug|x86
		{92F25759-9A49-448C-90E8-98BE9E9B7DDE}.Debug|x86.Build.0 = Debug|x86
		{92F25759-9A49-448C-90E8-98BE9E9B7DDE}.Debug|x86.Deploy.0 = Debug|x86
		{92F25759-9A49-448C-90E8-98BE9E9B7DDE}.Release|Any CPU.ActiveCfg = Release|x86
		{92F25759-9A49-448C-90E8-98BE9E9B7DDE}.Release|ARM.ActiveCfg = Release|ARM
		{92F25759-9A49-448C-90E8-98BE9E9B7DDE}.Release|ARM.Build.0 = Release|ARM
		{92F25759-9A49-448C-90E8-98BE9E9B7DDE}.Release|ARM.Deploy.0 = Release|ARM
		{92F25759-9A49-448C-90E8-98BE9E9B7DDE}.Release|iPhone.ActiveCfg = Release|x86
		{92F25759-9A49-448C-90E8-98BE9E9B7DDE}.Release|iPhoneSimulator.ActiveCfg = Release|x86
		{92F25759-9A49-448C-90E8-98BE9E9B7DDE}.Release|x64.ActiveCfg = Release|x64
		{92F25759-9A49-448C-90E8-98BE9E9B7DDE}.Release|x64.Build.0 = Release|x64
		{92F25759-9A49-448C-90E8-98BE9E9B7DDE}.Release|x64.Deploy.0 = Release|x64
		{92F25759-9A49-448C-90E8-98BE9E9B7DDE}.Release|x86.ActiveCfg = Release|x86
		{92F25759-9A49-448C-90E8-98BE9E9B7DDE}.Release|x86.Build.0 = Release|x86
		{92F25759-9A49-448C-90E8-98BE9E9B7DDE}.Release|x86.Deploy.0 = Release|x86
		{D41338FA-7FAC-4A51-A5BF-F39705F4D879}.Ad-Hoc|Any CPU.ActiveCfg = Release|Any CPU
		{D41338FA-7FAC-4A51-A5BF-F39705F4D879}.Ad-Hoc|Any CPU.Build.0 = Release|Any CPU
		{D41338FA-7FAC-4A51-A5BF-F39705F4D879}.Ad-Hoc|ARM.ActiveCfg = Release|Any CPU
		{D41338FA-7FAC-4A51-A5BF-F39705F4D879}.Ad-Hoc|ARM.Build.0 = Release|Any CPU
		{D41338FA-7FAC-4A51-A5BF-F39705F4D879}.Ad-Hoc|iPhone.ActiveCfg = Release|Any CPU
		{D41338FA-7FAC-4A51-A5BF-F39705F4D879}.Ad-Hoc|iPhone.Build.0 = Release|Any CPU
		{D41338FA-7FAC-4A51-A5BF-F39705F4D879}.Ad-Hoc|iPhoneSimulator.ActiveCfg = Release|Any CPU
		{D41338FA-7FAC-4A51-A5BF-F39705F4D879}.Ad-Hoc|iPhoneSimulator.Build.0 = Release|Any CPU
		{D41338FA-7FAC-4A51-A5BF-F39705F4D879}.Ad-Hoc|x64.ActiveCfg = Release|Any CPU
		{D41338FA-7FAC-4A51-A5BF-F39705F4D879}.Ad-Hoc|x64.Build.0 = Release|Any CPU
		{D41338FA-7FAC-4A51-A5BF-F39705F4D879}.Ad-Hoc|x86.ActiveCfg = Release|Any CPU
		{D41338FA-7FAC-4A51-A5BF-F39705F4D879}.Ad-Hoc|x86.Build.0 = Release|Any CPU
		{D41338FA-7FAC-4A51-A5BF-F39705F4D879}.AppStore|Any CPU.ActiveCfg = Release|Any CPU
		{D41338FA-7FAC-4A51-A5BF-F39705F4D879}.AppStore|Any CPU.Build.0 = Release|Any CPU
		{D41338FA-7FAC-4A51-A5BF-F39705F4D879}.AppStore|ARM.ActiveCfg = Release|Any CPU
		{D41338FA-7FAC-4A51-A5BF-F39705F4D879}.AppStore|ARM.Build.0 = Release|Any CPU
		{D41338FA-7FAC-4A51-A5BF-F39705F4D879}.AppStore|iPhone.ActiveCfg = Release|Any CPU
		{D41338FA-7FAC-4A51-A5BF-F39705F4D879}.AppStore|iPhone.Build.0 = Release|Any CPU
		{D41338FA-7FAC-4A51-A5BF-F39705F4D879}.AppStore|iPhoneSimulator.ActiveCfg = Release|Any CPU
		{D41338FA-7FAC-4A51-A5BF-F39705F4D879}.AppStore|iPhoneSimulator.Build.0 = Release|Any CPU
		{D41338FA-7FAC-4A51-A5BF-F39705F4D879}.AppStore|x64.ActiveCfg = Release|Any CPU
		{D41338FA-7FAC-4A51-A5BF-F39705F4D879}.AppStore|x64.Build.0 = Release|Any CPU
		{D41338FA-7FAC-4A51-A5BF-F39705F4D879}.AppStore|x86.ActiveCfg = Release|Any CPU
		{D41338FA-7FAC-4A51-A5BF-F39705F4D879}.AppStore|x86.Build.0 = Release|Any CPU
		{D41338FA-7FAC-4A51-A5BF-F39705F4D879}.Debug|Any CPU.ActiveCfg = Debug|Any CPU
		{D41338FA-7FAC-4A51-A5BF-F39705F4D879}.Debug|Any CPU.Build.0 = Debug|Any CPU
		{D41338FA-7FAC-4A51-A5BF-F39705F4D879}.Debug|ARM.ActiveCfg = Debug|Any CPU
		{D41338FA-7FAC-4A51-A5BF-F39705F4D879}.Debug|ARM.Build.0 = Debug|Any CPU
		{D41338FA-7FAC-4A51-A5BF-F39705F4D879}.Debug|iPhone.ActiveCfg = Debug|Any CPU
		{D41338FA-7FAC-4A51-A5BF-F39705F4D879}.Debug|iPhone.Build.0 = Debug|Any CPU
		{D41338FA-7FAC-4A51-A5BF-F39705F4D879}.Debug|iPhoneSimulator.ActiveCfg = Debug|Any CPU
		{D41338FA-7FAC-4A51-A5BF-F39705F4D879}.Debug|iPhoneSimulator.Build.0 = Debug|Any CPU
		{D41338FA-7FAC-4A51-A5BF-F39705F4D879}.Debug|x64.ActiveCfg = Debug|Any CPU
		{D41338FA-7FAC-4A51-A5BF-F39705F4D879}.Debug|x64.Build.0 = Debug|Any CPU
		{D41338FA-7FAC-4A51-A5BF-F39705F4D879}.Debug|x86.ActiveCfg = Debug|Any CPU
		{D41338FA-7FAC-4A51-A5BF-F39705F4D879}.Debug|x86.Build.0 = Debug|Any CPU
		{D41338FA-7FAC-4A51-A5BF-F39705F4D879}.Release|Any CPU.ActiveCfg = Release|Any CPU
		{D41338FA-7FAC-4A51-A5BF-F39705F4D879}.Release|Any CPU.Build.0 = Release|Any CPU
		{D41338FA-7FAC-4A51-A5BF-F39705F4D879}.Release|ARM.ActiveCfg = Release|Any CPU
		{D41338FA-7FAC-4A51-A5BF-F39705F4D879}.Release|ARM.Build.0 = Release|Any CPU
		{D41338FA-7FAC-4A51-A5BF-F39705F4D879}.Release|iPhone.ActiveCfg = Release|Any CPU
		{D41338FA-7FAC-4A51-A5BF-F39705F4D879}.Release|iPhone.Build.0 = Release|Any CPU
		{D41338FA-7FAC-4A51-A5BF-F39705F4D879}.Release|iPhoneSimulator.ActiveCfg = Release|Any CPU
		{D41338FA-7FAC-4A51-A5BF-F39705F4D879}.Release|iPhoneSimulator.Build.0 = Release|Any CPU
		{D41338FA-7FAC-4A51-A5BF-F39705F4D879}.Release|x64.ActiveCfg = Release|Any CPU
		{D41338FA-7FAC-4A51-A5BF-F39705F4D879}.Release|x64.Build.0 = Release|Any CPU
		{D41338FA-7FAC-4A51-A5BF-F39705F4D879}.Release|x86.ActiveCfg = Release|Any CPU
		{D41338FA-7FAC-4A51-A5BF-F39705F4D879}.Release|x86.Build.0 = Release|Any CPU
		{9748E987-E62B-44E3-97E2-723C7912D003}.Ad-Hoc|Any CPU.ActiveCfg = Release|Any CPU
		{9748E987-E62B-44E3-97E2-723C7912D003}.Ad-Hoc|Any CPU.Build.0 = Release|Any CPU
		{9748E987-E62B-44E3-97E2-723C7912D003}.Ad-Hoc|ARM.ActiveCfg = Release|Any CPU
		{9748E987-E62B-44E3-97E2-723C7912D003}.Ad-Hoc|ARM.Build.0 = Release|Any CPU
		{9748E987-E62B-44E3-97E2-723C7912D003}.Ad-Hoc|iPhone.ActiveCfg = Release|Any CPU
		{9748E987-E62B-44E3-97E2-723C7912D003}.Ad-Hoc|iPhone.Build.0 = Release|Any CPU
		{9748E987-E62B-44E3-97E2-723C7912D003}.Ad-Hoc|iPhoneSimulator.ActiveCfg = Release|Any CPU
		{9748E987-E62B-44E3-97E2-723C7912D003}.Ad-Hoc|iPhoneSimulator.Build.0 = Release|Any CPU
		{9748E987-E62B-44E3-97E2-723C7912D003}.Ad-Hoc|x64.ActiveCfg = Release|Any CPU
		{9748E987-E62B-44E3-97E2-723C7912D003}.Ad-Hoc|x64.Build.0 = Release|Any CPU
		{9748E987-E62B-44E3-97E2-723C7912D003}.Ad-Hoc|x86.ActiveCfg = Release|Any CPU
		{9748E987-E62B-44E3-97E2-723C7912D003}.Ad-Hoc|x86.Build.0 = Release|Any CPU
		{9748E987-E62B-44E3-97E2-723C7912D003}.AppStore|Any CPU.ActiveCfg = Release|Any CPU
		{9748E987-E62B-44E3-97E2-723C7912D003}.AppStore|Any CPU.Build.0 = Release|Any CPU
		{9748E987-E62B-44E3-97E2-723C7912D003}.AppStore|ARM.ActiveCfg = Release|Any CPU
		{9748E987-E62B-44E3-97E2-723C7912D003}.AppStore|ARM.Build.0 = Release|Any CPU
		{9748E987-E62B-44E3-97E2-723C7912D003}.AppStore|iPhone.ActiveCfg = Release|Any CPU
		{9748E987-E62B-44E3-97E2-723C7912D003}.AppStore|iPhone.Build.0 = Release|Any CPU
		{9748E987-E62B-44E3-97E2-723C7912D003}.AppStore|iPhoneSimulator.ActiveCfg = Release|Any CPU
		{9748E987-E62B-44E3-97E2-723C7912D003}.AppStore|iPhoneSimulator.Build.0 = Release|Any CPU
		{9748E987-E62B-44E3-97E2-723C7912D003}.AppStore|x64.ActiveCfg = Release|Any CPU
		{9748E987-E62B-44E3-97E2-723C7912D003}.AppStore|x64.Build.0 = Release|Any CPU
		{9748E987-E62B-44E3-97E2-723C7912D003}.AppStore|x86.ActiveCfg = Release|Any CPU
		{9748E987-E62B-44E3-97E2-723C7912D003}.AppStore|x86.Build.0 = Release|Any CPU
		{9748E987-E62B-44E3-97E2-723C7912D003}.Debug|Any CPU.ActiveCfg = Debug|Any CPU
		{9748E987-E62B-44E3-97E2-723C7912D003}.Debug|Any CPU.Build.0 = Debug|Any CPU
		{9748E987-E62B-44E3-97E2-723C7912D003}.Debug|ARM.ActiveCfg = Debug|Any CPU
		{9748E987-E62B-44E3-97E2-723C7912D003}.Debug|ARM.Build.0 = Debug|Any CPU
		{9748E987-E62B-44E3-97E2-723C7912D003}.Debug|iPhone.ActiveCfg = Debug|Any CPU
		{9748E987-E62B-44E3-97E2-723C7912D003}.Debug|iPhone.Build.0 = Debug|Any CPU
		{9748E987-E62B-44E3-97E2-723C7912D003}.Debug|iPhoneSimulator.ActiveCfg = Debug|Any CPU
		{9748E987-E62B-44E3-97E2-723C7912D003}.Debug|iPhoneSimulator.Build.0 = Debug|Any CPU
		{9748E987-E62B-44E3-97E2-723C7912D003}.Debug|x64.ActiveCfg = Debug|Any CPU
		{9748E987-E62B-44E3-97E2-723C7912D003}.Debug|x64.Build.0 = Debug|Any CPU
		{9748E987-E62B-44E3-97E2-723C7912D003}.Debug|x86.ActiveCfg = Debug|Any CPU
		{9748E987-E62B-44E3-97E2-723C7912D003}.Debug|x86.Build.0 = Debug|Any CPU
		{9748E987-E62B-44E3-97E2-723C7912D003}.Release|Any CPU.ActiveCfg = Release|Any CPU
		{9748E987-E62B-44E3-97E2-723C7912D003}.Release|Any CPU.Build.0 = Release|Any CPU
		{9748E987-E62B-44E3-97E2-723C7912D003}.Release|ARM.ActiveCfg = Release|Any CPU
		{9748E987-E62B-44E3-97E2-723C7912D003}.Release|ARM.Build.0 = Release|Any CPU
		{9748E987-E62B-44E3-97E2-723C7912D003}.Release|iPhone.ActiveCfg = Release|Any CPU
		{9748E987-E62B-44E3-97E2-723C7912D003}.Release|iPhone.Build.0 = Release|Any CPU
		{9748E987-E62B-44E3-97E2-723C7912D003}.Release|iPhoneSimulator.ActiveCfg = Release|Any CPU
		{9748E987-E62B-44E3-97E2-723C7912D003}.Release|iPhoneSimulator.Build.0 = Release|Any CPU
		{9748E987-E62B-44E3-97E2-723C7912D003}.Release|x64.ActiveCfg = Release|Any CPU
		{9748E987-E62B-44E3-97E2-723C7912D003}.Release|x64.Build.0 = Release|Any CPU
		{9748E987-E62B-44E3-97E2-723C7912D003}.Release|x86.ActiveCfg = Release|Any CPU
		{9748E987-E62B-44E3-97E2-723C7912D003}.Release|x86.Build.0 = Release|Any CPU
	EndGlobalSection
	GlobalSection(SolutionProperties) = preSolution
		HideSolutionNode = FALSE
	EndGlobalSection
	GlobalSection(NestedProjects) = preSolution
		{FFFA0C22-0679-4CD1-896C-77791476F561} = {5F4BF05A-9F78-4051-93C2-2A00F563C300}
		{38D757FC-AD7B-49F7-8ABE-628F03A05CDE} = {2CA48808-090A-4028-9476-7B67418F6255}
		{8FE596F7-4097-4A98-8558-2628EA3996C4} = {5E8F56DB-8673-4D6E-AA5E-4291779CF4DB}
		{F1D522F5-7D0A-4EE1-BBC5-FC7FD80B5DD7} = {488E02E0-DD0F-4277-B040-404E25E22C5C}
		{320E01F8-D82B-48BE-BAFB-77D2D5021C0B} = {78901CF7-9DCB-41A6-9253-76DFD469FCE8}
		{F84F24F7-FECE-4BD8-9D44-6AEB13FE88F0} = {320E01F8-D82B-48BE-BAFB-77D2D5021C0B}
		{4B6D55FF-1A8E-4C75-9D16-2F570A00C025} = {78901CF7-9DCB-41A6-9253-76DFD469FCE8}
		{94A5BFE0-4D0A-464F-9F92-4ED51D77DE55} = {4B6D55FF-1A8E-4C75-9D16-2F570A00C025}
		{71B426E2-E9A6-410E-9FA0-D740F32B41F2} = {78901CF7-9DCB-41A6-9253-76DFD469FCE8}
		{82DE3478-E882-495E-9CA0-94AE5B3A0673} = {78901CF7-9DCB-41A6-9253-76DFD469FCE8}
		{B37BA5E4-55CF-45BB-856C-42188FDD563F} = {82DE3478-E882-495E-9CA0-94AE5B3A0673}
		{B65C30EF-5FD4-4529-85A5-E2EAEDD9F6E6} = {78901CF7-9DCB-41A6-9253-76DFD469FCE8}
		{374E3022-3245-4DA0-8D06-FB946CBD89DB} = {B65C30EF-5FD4-4529-85A5-E2EAEDD9F6E6}
		{22E1B2D7-521F-4A64-B055-DB9D6114E7B3} = {7EF121C3-F5C7-477D-B77F-32EC01D3F448}
		{C896ED43-64A7-463C-A7B2-FB216555549C} = {7EF121C3-F5C7-477D-B77F-32EC01D3F448}
		{D60E948D-A5DB-4A75-9F31-0C874E3833B3} = {7EF121C3-F5C7-477D-B77F-32EC01D3F448}
		{6BD2F05C-197A-416E-97A4-EBFCA8C8010C} = {5972E632-F4C6-4BD5-9B55-20B4CB4126FE}
		{D373EB01-373F-4ACF-8EA9-431698D4FACC} = {78901CF7-9DCB-41A6-9253-76DFD469FCE8}
		{F58B0CD8-18CB-4252-AAA4-34419E80A538} = {78901CF7-9DCB-41A6-9253-76DFD469FCE8}
		{E23A3E73-19AE-4ADD-BFB3-627F4AE9D0AE} = {78901CF7-9DCB-41A6-9253-76DFD469FCE8}
		{92F25759-9A49-448C-90E8-98BE9E9B7DDE} = {21F8D821-5D8B-447F-A5F5-2B441A5B1BE2}
		{D41338FA-7FAC-4A51-A5BF-F39705F4D879} = {21F8D821-5D8B-447F-A5F5-2B441A5B1BE2}
		{9748E987-E62B-44E3-97E2-723C7912D003} = {78901CF7-9DCB-41A6-9253-76DFD469FCE8}
	EndGlobalSection
EndGlobal
